<?xml version="1.0" encoding="utf-8"?>
<Project ToolsVersion="4.0" xmlns="http://schemas.microsoft.com/developer/msbuild/2003">
  <ItemGroup>
    <Filter Include="External">
      <UniqueIdentifier>{f9c11a7f-3f7d-447f-895d-4fb699795f38}</UniqueIdentifier>
    </Filter>
    <Filter Include="Src">
      <UniqueIdentifier>{7eb3ade0-6658-4666-b06d-e7d2be5789c2}</UniqueIdentifier>
    </Filter>
    <Filter Include="External\ImGui">
      <UniqueIdentifier>{962f001e-6185-45eb-8268-25e18e1cf062}</UniqueIdentifier>
    </Filter>
    <Filter Include="Src\Panels">
      <UniqueIdentifier>{2f64637a-6ea1-40fc-994b-f3188893317b}</UniqueIdentifier>
    </Filter>
  </ItemGroup>
  <ItemGroup>
    <ClInclude Include="..\External\include\imgui-docking\imconfig.h">
      <Filter>External\ImGui</Filter>
    </ClInclude>
    <ClInclude Include="..\External\include\imgui-docking\imgui.h">
      <Filter>External\ImGui</Filter>
    </ClInclude>
    <ClInclude Include="..\External\include\imgui-docking\imgui_impl_dx11.h">
      <Filter>External\ImGui</Filter>
    </ClInclude>
    <ClInclude Include="..\External\include\imgui-docking\imgui_impl_win32.h">
      <Filter>External\ImGui</Filter>
    </ClInclude>
    <ClInclude Include="..\External\include\imgui-docking\imgui_internal.h">
      <Filter>External\ImGui</Filter>
    </ClInclude>
    <ClInclude Include="..\External\include\imgui-docking\imgui_stdlib.h">
      <Filter>External\ImGui</Filter>
    </ClInclude>
    <ClInclude Include="..\External\include\imgui-docking\imstb_rectpack.h">
      <Filter>External\ImGui</Filter>
    </ClInclude>
    <ClInclude Include="..\External\include\imgui-docking\imstb_textedit.h">
      <Filter>External\ImGui</Filter>
    </ClInclude>
    <ClInclude Include="..\External\include\imgui-docking\imstb_truetype.h">
      <Filter>External\ImGui</Filter>
    </ClInclude>
    <ClInclude Include="Src\ModelImporter.h">
      <Filter>Src</Filter>
    </ClInclude>
    <ClInclude Include="Src\ModelViewer.h">
      <Filter>Src</Filter>
    </ClInclude>
    <ClInclude Include="Src\SceneViewCamera.h">
      <Filter>Src</Filter>
    </ClInclude>
    <ClInclude Include="Src\Panels\Panel.h">
      <Filter>Src\Panels</Filter>
    </ClInclude>
    <ClInclude Include="Src\Panels\SceneViewPanel.h">
      <Filter>Src\Panels</Filter>
    </ClInclude>
    <ClInclude Include="Src\Panels\MenuTabsPanel.h">
      <Filter>Src\Panels</Filter>
    </ClInclude>
  </ItemGroup>
  <ItemGroup>
    <ClCompile Include="..\External\include\imgui-docking\imgui.cpp">
      <Filter>External\ImGui</Filter>
    </ClCompile>
    <ClCompile Include="..\External\include\imgui-docking\imgui_demo.cpp">
      <Filter>External\ImGui</Filter>
    </ClCompile>
    <ClCompile Include="..\External\include\imgui-docking\imgui_draw.cpp">
      <Filter>External\ImGui</Filter>
    </ClCompile>
    <ClCompile Include="..\External\include\imgui-docking\imgui_impl_dx11.cpp">
      <Filter>External\ImGui</Filter>
    </ClCompile>
    <ClCompile Include="..\External\include\imgui-docking\imgui_impl_win32.cpp">
      <Filter>External\ImGui</Filter>
    </ClCompile>
    <ClCompile Include="..\External\include\imgui-docking\imgui_stdlib.cpp">
      <Filter>External\ImGui</Filter>
    </ClCompile>
    <ClCompile Include="..\External\include\imgui-docking\imgui_tables.cpp">
      <Filter>External\ImGui</Filter>
    </ClCompile>
    <ClCompile Include="..\External\include\imgui-docking\imgui_widgets.cpp">
      <Filter>External\ImGui</Filter>
    </ClCompile>
    <ClCompile Include="Src\ModelImporter.cpp">
      <Filter>Src</Filter>
    </ClCompile>
    <ClCompile Include="Src\ModelViewer.cpp">
      <Filter>Src</Filter>
    </ClCompile>
    <ClCompile Include="Src\SceneViewCamera.cpp">
      <Filter>Src</Filter>
    </ClCompile>
    <ClCompile Include="Src\Panels\SceneViewPanel.cpp">
      <Filter>Src\Panels</Filter>
    </ClCompile>
    <ClCompile Include="Src\Panels\MenuTabsPanel.cpp">
      <Filter>Src\Panels</Filter>
    </ClCompile>
    <ClCompile Include="Src\Panels\Panel.cpp">
      <Filter>Src\Panels</Filter>
    </ClCompile>
  </ItemGroup>
</Project>