
Microsoft Visual Studio Solution File, Format Version 12.00
# Visual Studio Version 17
VisualStudioVersion = 17.7.34221.43
MinimumVisualStudioVersion = 10.0.40219.1
Project("{8BC9CEB8-8B4A-11D0-8D11-00A0C91BC942}") = "Editor", "Editor\Editor.vcxproj", "{259A0A9B-FFC4-40E5-8ABF-CEE5FEE3BA19}"
	ProjectSection(ProjectDependencies) = postProject
		{371B9FA9-4C90-4AC6-A123-ACED756D6C77} = {371B9FA9-4C90-4AC6-A123-ACED756D6C77}
		{3C0D002F-0E65-3A11-ACB6-1BA099F2E74B} = {3C0D002F-0E65-3A11-ACB6-1BA099F2E74B}
	EndProjectSection
EndProject
Project("{8BC9CEB8-8B4A-11D0-8D11-00A0C91BC942}") = "Dive", "Dive\Dive.vcxproj", "{BA7CD1F5-ACB6-4CD3-98DB-A133EC64659D}"
	ProjectSection(ProjectDependencies) = postProject
		{371B9FA9-4C90-4AC6-A123-ACED756D6C77} = {371B9FA9-4C90-4AC6-A123-ACED756D6C77}
		{3C0D002F-0E65-3A11-ACB6-1BA099F2E74B} = {3C0D002F-0E65-3A11-ACB6-1BA099F2E74B}
	EndProjectSection
EndProject
Project("{2150E333-8FDC-42A3-9474-1A3956D46DE8}") = "Third-Party", "Third-Party", "{8FA60564-8888-4AF4-B284-E6CF2D38A0DD}"
EndProject
Project("{8BC9CEB8-8B4A-11D0-8D11-00A0C91BC942}") = "DirectXTex", "Dive\third-party\DirectXTex\DirectXTex\DirectXTex_Desktop_2022_Win10.vcxproj", "{371B9FA9-4C90-4AC6-A123-ACED756D6C77}"
EndProject
Project("{8BC9CEB8-8B4A-11D0-8D11-00A0C91BC942}") = "yaml-cpp static", "Dive\third-party\yaml-cpp\build\yaml-cpp.vcxproj", "{3C0D002F-0E65-3A11-ACB6-1BA099F2E74B}"
EndProject
Project("{8BC9CEB8-8B4A-11D0-8D11-00A0C91BC942}") = "Sandbox", "Sandbox\Sandbox.vcxproj", "{6A38A1B2-9ECB-4C3C-A424-0CBA88A7601B}"
	ProjectSection(ProjectDependencies) = postProject
		{371B9FA9-4C90-4AC6-A123-ACED756D6C77} = {371B9FA9-4C90-4AC6-A123-ACED756D6C77}
		{3C0D002F-0E65-3A11-ACB6-1BA099F2E74B} = {3C0D002F-0E65-3A11-ACB6-1BA099F2E74B}
		{BA7CD1F5-ACB6-4CD3-98DB-A133EC64659D} = {BA7CD1F5-ACB6-4CD3-98DB-A133EC64659D}
	EndProjectSection
EndProject
Project("{8BC9CEB8-8B4A-11D0-8D11-00A0C91BC942}") = "assimp", "Editor\Third-Party\assimp\build\code\assimp.vcxproj", "{C441C66F-B797-3C3E-B0AF-BF5D343030EE}"
EndProject
Global
	GlobalSection(SolutionConfigurationPlatforms) = preSolution
		Debug|ARM64 = Debug|ARM64
		Debug|x64 = Debug|x64
		Debug|x86 = Debug|x86
		MinSizeRel|ARM64 = MinSizeRel|ARM64
		MinSizeRel|x64 = MinSizeRel|x64
		MinSizeRel|x86 = MinSizeRel|x86
		Profile|ARM64 = Profile|ARM64
		Profile|x64 = Profile|x64
		Profile|x86 = Profile|x86
		Release|ARM64 = Release|ARM64
		Release|x64 = Release|x64
		Release|x86 = Release|x86
		RelWithDebInfo|ARM64 = RelWithDebInfo|ARM64
		RelWithDebInfo|x64 = RelWithDebInfo|x64
		RelWithDebInfo|x86 = RelWithDebInfo|x86
	EndGlobalSection
	GlobalSection(ProjectConfigurationPlatforms) = postSolution
		{259A0A9B-FFC4-40E5-8ABF-CEE5FEE3BA19}.Debug|ARM64.ActiveCfg = Debug|x64
		{259A0A9B-FFC4-40E5-8ABF-CEE5FEE3BA19}.Debug|x64.ActiveCfg = Debug|x64
		{259A0A9B-FFC4-40E5-8ABF-CEE5FEE3BA19}.Debug|x64.Build.0 = Debug|x64
		{259A0A9B-FFC4-40E5-8ABF-CEE5FEE3BA19}.Debug|x86.ActiveCfg = Debug|Win32
		{259A0A9B-FFC4-40E5-8ABF-CEE5FEE3BA19}.Debug|x86.Build.0 = Debug|Win32
		{259A0A9B-FFC4-40E5-8ABF-CEE5FEE3BA19}.MinSizeRel|ARM64.ActiveCfg = Release|x64
		{259A0A9B-FFC4-40E5-8ABF-CEE5FEE3BA19}.MinSizeRel|x64.ActiveCfg = Release|x64
		{259A0A9B-FFC4-40E5-8ABF-CEE5FEE3BA19}.MinSizeRel|x86.ActiveCfg = Release|Win32
		{259A0A9B-FFC4-40E5-8ABF-CEE5FEE3BA19}.Profile|ARM64.ActiveCfg = Release|x64
		{259A0A9B-FFC4-40E5-8ABF-CEE5FEE3BA19}.Profile|x64.ActiveCfg = Release|x64
		{259A0A9B-FFC4-40E5-8ABF-CEE5FEE3BA19}.Profile|x86.ActiveCfg = Release|Win32
		{259A0A9B-FFC4-40E5-8ABF-CEE5FEE3BA19}.Release|ARM64.ActiveCfg = Release|x64
		{259A0A9B-FFC4-40E5-8ABF-CEE5FEE3BA19}.Release|x64.ActiveCfg = Release|x64
		{259A0A9B-FFC4-40E5-8ABF-CEE5FEE3BA19}.Release|x64.Build.0 = Release|x64
		{259A0A9B-FFC4-40E5-8ABF-CEE5FEE3BA19}.Release|x86.ActiveCfg = Release|Win32
		{259A0A9B-FFC4-40E5-8ABF-CEE5FEE3BA19}.Release|x86.Build.0 = Release|Win32
		{259A0A9B-FFC4-40E5-8ABF-CEE5FEE3BA19}.RelWithDebInfo|ARM64.ActiveCfg = Release|x64
		{259A0A9B-FFC4-40E5-8ABF-CEE5FEE3BA19}.RelWithDebInfo|x64.ActiveCfg = Release|x64
		{259A0A9B-FFC4-40E5-8ABF-CEE5FEE3BA19}.RelWithDebInfo|x86.ActiveCfg = Release|Win32
		{BA7CD1F5-ACB6-4CD3-98DB-A133EC64659D}.Debug|ARM64.ActiveCfg = Debug|x64
		{BA7CD1F5-ACB6-4CD3-98DB-A133EC64659D}.Debug|ARM64.Build.0 = Debug|x64
		{BA7CD1F5-ACB6-4CD3-98DB-A133EC64659D}.Debug|x64.ActiveCfg = Debug|x64
		{BA7CD1F5-ACB6-4CD3-98DB-A133EC64659D}.Debug|x64.Build.0 = Debug|x64
		{BA7CD1F5-ACB6-4CD3-98DB-A133EC64659D}.Debug|x86.ActiveCfg = Debug|Win32
		{BA7CD1F5-ACB6-4CD3-98DB-A133EC64659D}.Debug|x86.Build.0 = Debug|Win32
		{BA7CD1F5-ACB6-4CD3-98DB-A133EC64659D}.MinSizeRel|ARM64.ActiveCfg = Release|x64
		{BA7CD1F5-ACB6-4CD3-98DB-A133EC64659D}.MinSizeRel|ARM64.Build.0 = Release|x64
		{BA7CD1F5-ACB6-4CD3-98DB-A133EC64659D}.MinSizeRel|x64.ActiveCfg = Release|x64
		{BA7CD1F5-ACB6-4CD3-98DB-A133EC64659D}.MinSizeRel|x64.Build.0 = Release|x64
		{BA7CD1F5-ACB6-4CD3-98DB-A133EC64659D}.MinSizeRel|x86.ActiveCfg = Release|Win32
		{BA7CD1F5-ACB6-4CD3-98DB-A133EC64659D}.MinSizeRel|x86.Build.0 = Release|Win32
		{BA7CD1F5-ACB6-4CD3-98DB-A133EC64659D}.Profile|ARM64.ActiveCfg = Release|x64
		{BA7CD1F5-ACB6-4CD3-98DB-A133EC64659D}.Profile|ARM64.Build.0 = Release|x64
		{BA7CD1F5-ACB6-4CD3-98DB-A133EC64659D}.Profile|x64.ActiveCfg = Release|x64
		{BA7CD1F5-ACB6-4CD3-98DB-A133EC64659D}.Profile|x64.Build.0 = Release|x64
		{BA7CD1F5-ACB6-4CD3-98DB-A133EC64659D}.Profile|x86.ActiveCfg = Release|Win32
		{BA7CD1F5-ACB6-4CD3-98DB-A133EC64659D}.Profile|x86.Build.0 = Release|Win32
		{BA7CD1F5-ACB6-4CD3-98DB-A133EC64659D}.Release|ARM64.ActiveCfg = Release|x64
		{BA7CD1F5-ACB6-4CD3-98DB-A133EC64659D}.Release|ARM64.Build.0 = Release|x64
		{BA7CD1F5-ACB6-4CD3-98DB-A133EC64659D}.Release|x64.ActiveCfg = Release|x64
		{BA7CD1F5-ACB6-4CD3-98DB-A133EC64659D}.Release|x64.Build.0 = Release|x64
		{BA7CD1F5-ACB6-4CD3-98DB-A133EC64659D}.Release|x86.ActiveCfg = Release|Win32
		{BA7CD1F5-ACB6-4CD3-98DB-A133EC64659D}.Release|x86.Build.0 = Release|Win32
		{BA7CD1F5-ACB6-4CD3-98DB-A133EC64659D}.RelWithDebInfo|ARM64.ActiveCfg = Release|x64
		{BA7CD1F5-ACB6-4CD3-98DB-A133EC64659D}.RelWithDebInfo|ARM64.Build.0 = Release|x64
		{BA7CD1F5-ACB6-4CD3-98DB-A133EC64659D}.RelWithDebInfo|x64.ActiveCfg = Release|x64
		{BA7CD1F5-ACB6-4CD3-98DB-A133EC64659D}.RelWithDebInfo|x64.Build.0 = Release|x64
		{BA7CD1F5-ACB6-4CD3-98DB-A133EC64659D}.RelWithDebInfo|x86.ActiveCfg = Release|Win32
		{BA7CD1F5-ACB6-4CD3-98DB-A133EC64659D}.RelWithDebInfo|x86.Build.0 = Release|Win32
		{371B9FA9-4C90-4AC6-A123-ACED756D6C77}.Debug|ARM64.ActiveCfg = Debug|ARM64
		{371B9FA9-4C90-4AC6-A123-ACED756D6C77}.Debug|ARM64.Build.0 = Debug|ARM64
		{371B9FA9-4C90-4AC6-A123-ACED756D6C77}.Debug|x64.ActiveCfg = Debug|x64
		{371B9FA9-4C90-4AC6-A123-ACED756D6C77}.Debug|x64.Build.0 = Debug|x64
		{371B9FA9-4C90-4AC6-A123-ACED756D6C77}.Debug|x86.ActiveCfg = Debug|Win32
		{371B9FA9-4C90-4AC6-A123-ACED756D6C77}.Debug|x86.Build.0 = Debug|Win32
		{371B9FA9-4C90-4AC6-A123-ACED756D6C77}.MinSizeRel|ARM64.ActiveCfg = Profile|ARM64
		{371B9FA9-4C90-4AC6-A123-ACED756D6C77}.MinSizeRel|ARM64.Build.0 = Profile|ARM64
		{371B9FA9-4C90-4AC6-A123-ACED756D6C77}.MinSizeRel|x64.ActiveCfg = Profile|x64
		{371B9FA9-4C90-4AC6-A123-ACED756D6C77}.MinSizeRel|x64.Build.0 = Profile|x64
		{371B9FA9-4C90-4AC6-A123-ACED756D6C77}.MinSizeRel|x86.ActiveCfg = Debug|Win32
		{371B9FA9-4C90-4AC6-A123-ACED756D6C77}.MinSizeRel|x86.Build.0 = Debug|Win32
		{371B9FA9-4C90-4AC6-A123-ACED756D6C77}.Profile|ARM64.ActiveCfg = Profile|ARM64
		{371B9FA9-4C90-4AC6-A123-ACED756D6C77}.Profile|ARM64.Build.0 = Profile|ARM64
		{371B9FA9-4C90-4AC6-A123-ACED756D6C77}.Profile|x64.ActiveCfg = Profile|x64
		{371B9FA9-4C90-4AC6-A123-ACED756D6C77}.Profile|x64.Build.0 = Profile|x64
		{371B9FA9-4C90-4AC6-A123-ACED756D6C77}.Profile|x86.ActiveCfg = Profile|Win32
		{371B9FA9-4C90-4AC6-A123-ACED756D6C77}.Profile|x86.Build.0 = Profile|Win32
		{371B9FA9-4C90-4AC6-A123-ACED756D6C77}.Release|ARM64.ActiveCfg = Release|ARM64
		{371B9FA9-4C90-4AC6-A123-ACED756D6C77}.Release|ARM64.Build.0 = Release|ARM64
		{371B9FA9-4C90-4AC6-A123-ACED756D6C77}.Release|x64.ActiveCfg = Release|x64
		{371B9FA9-4C90-4AC6-A123-ACED756D6C77}.Release|x64.Build.0 = Release|x64
		{371B9FA9-4C90-4AC6-A123-ACED756D6C77}.Release|x86.ActiveCfg = Release|Win32
		{371B9FA9-4C90-4AC6-A123-ACED756D6C77}.Release|x86.Build.0 = Release|Win32
		{371B9FA9-4C90-4AC6-A123-ACED756D6C77}.RelWithDebInfo|ARM64.ActiveCfg = Release|ARM64
		{371B9FA9-4C90-4AC6-A123-ACED756D6C77}.RelWithDebInfo|ARM64.Build.0 = Release|ARM64
		{371B9FA9-4C90-4AC6-A123-ACED756D6C77}.RelWithDebInfo|x64.ActiveCfg = Release|x64
		{371B9FA9-4C90-4AC6-A123-ACED756D6C77}.RelWithDebInfo|x64.Build.0 = Release|x64
		{371B9FA9-4C90-4AC6-A123-ACED756D6C77}.RelWithDebInfo|x86.ActiveCfg = Release|Win32
		{371B9FA9-4C90-4AC6-A123-ACED756D6C77}.RelWithDebInfo|x86.Build.0 = Release|Win32
		{3C0D002F-0E65-3A11-ACB6-1BA099F2E74B}.Debug|ARM64.ActiveCfg = Debug|x64
		{3C0D002F-0E65-3A11-ACB6-1BA099F2E74B}.Debug|ARM64.Build.0 = Debug|x64
		{3C0D002F-0E65-3A11-ACB6-1BA099F2E74B}.Debug|x64.ActiveCfg = Debug|x64
		{3C0D002F-0E65-3A11-ACB6-1BA099F2E74B}.Debug|x64.Build.0 = Debug|x64
		{3C0D002F-0E65-3A11-ACB6-1BA099F2E74B}.Debug|x86.ActiveCfg = Debug|x64
		{3C0D002F-0E65-3A11-ACB6-1BA099F2E74B}.Debug|x86.Build.0 = Debug|x64
		{3C0D002F-0E65-3A11-ACB6-1BA099F2E74B}.MinSizeRel|ARM64.ActiveCfg = MinSizeRel|x64
		{3C0D002F-0E65-3A11-ACB6-1BA099F2E74B}.MinSizeRel|ARM64.Build.0 = MinSizeRel|x64
		{3C0D002F-0E65-3A11-ACB6-1BA099F2E74B}.MinSizeRel|x64.ActiveCfg = MinSizeRel|x64
		{3C0D002F-0E65-3A11-ACB6-1BA099F2E74B}.MinSizeRel|x64.Build.0 = MinSizeRel|x64
		{3C0D002F-0E65-3A11-ACB6-1BA099F2E74B}.MinSizeRel|x86.ActiveCfg = MinSizeRel|x64
		{3C0D002F-0E65-3A11-ACB6-1BA099F2E74B}.MinSizeRel|x86.Build.0 = MinSizeRel|x64
		{3C0D002F-0E65-3A11-ACB6-1BA099F2E74B}.Profile|ARM64.ActiveCfg = RelWithDebInfo|x64
		{3C0D002F-0E65-3A11-ACB6-1BA099F2E74B}.Profile|ARM64.Build.0 = RelWithDebInfo|x64
		{3C0D002F-0E65-3A11-ACB6-1BA099F2E74B}.Profile|x64.ActiveCfg = RelWithDebInfo|x64
		{3C0D002F-0E65-3A11-ACB6-1BA099F2E74B}.Profile|x64.Build.0 = RelWithDebInfo|x64
		{3C0D002F-0E65-3A11-ACB6-1BA099F2E74B}.Profile|x86.ActiveCfg = RelWithDebInfo|x64
		{3C0D002F-0E65-3A11-ACB6-1BA099F2E74B}.Profile|x86.Build.0 = RelWithDebInfo|x64
		{3C0D002F-0E65-3A11-ACB6-1BA099F2E74B}.Release|ARM64.ActiveCfg = Release|x64
		{3C0D002F-0E65-3A11-ACB6-1BA099F2E74B}.Release|ARM64.Build.0 = Release|x64
		{3C0D002F-0E65-3A11-ACB6-1BA099F2E74B}.Release|x64.ActiveCfg = Release|x64
		{3C0D002F-0E65-3A11-ACB6-1BA099F2E74B}.Release|x64.Build.0 = Release|x64
		{3C0D002F-0E65-3A11-ACB6-1BA099F2E74B}.Release|x86.ActiveCfg = Release|x64
		{3C0D002F-0E65-3A11-ACB6-1BA099F2E74B}.Release|x86.Build.0 = Release|x64
		{3C0D002F-0E65-3A11-ACB6-1BA099F2E74B}.RelWithDebInfo|ARM64.ActiveCfg = RelWithDebInfo|x64
		{3C0D002F-0E65-3A11-ACB6-1BA099F2E74B}.RelWithDebInfo|ARM64.Build.0 = RelWithDebInfo|x64
		{3C0D002F-0E65-3A11-ACB6-1BA099F2E74B}.RelWithDebInfo|x64.ActiveCfg = RelWithDebInfo|x64
		{3C0D002F-0E65-3A11-ACB6-1BA099F2E74B}.RelWithDebInfo|x64.Build.0 = RelWithDebInfo|x64
		{3C0D002F-0E65-3A11-ACB6-1BA099F2E74B}.RelWithDebInfo|x86.ActiveCfg = RelWithDebInfo|x64
		{3C0D002F-0E65-3A11-ACB6-1BA099F2E74B}.RelWithDebInfo|x86.Build.0 = RelWithDebInfo|x64
		{6A38A1B2-9ECB-4C3C-A424-0CBA88A7601B}.Debug|ARM64.ActiveCfg = Debug|x64
		{6A38A1B2-9ECB-4C3C-A424-0CBA88A7601B}.Debug|ARM64.Build.0 = Debug|x64
		{6A38A1B2-9ECB-4C3C-A424-0CBA88A7601B}.Debug|x64.ActiveCfg = Debug|x64
		{6A38A1B2-9ECB-4C3C-A424-0CBA88A7601B}.Debug|x64.Build.0 = Debug|x64
		{6A38A1B2-9ECB-4C3C-A424-0CBA88A7601B}.Debug|x86.ActiveCfg = Debug|Win32
		{6A38A1B2-9ECB-4C3C-A424-0CBA88A7601B}.Debug|x86.Build.0 = Debug|Win32
		{6A38A1B2-9ECB-4C3C-A424-0CBA88A7601B}.MinSizeRel|ARM64.ActiveCfg = Release|x64
		{6A38A1B2-9ECB-4C3C-A424-0CBA88A7601B}.MinSizeRel|ARM64.Build.0 = Release|x64
		{6A38A1B2-9ECB-4C3C-A424-0CBA88A7601B}.MinSizeRel|x64.ActiveCfg = Release|x64
		{6A38A1B2-9ECB-4C3C-A424-0CBA88A7601B}.MinSizeRel|x64.Build.0 = Release|x64
		{6A38A1B2-9ECB-4C3C-A424-0CBA88A7601B}.MinSizeRel|x86.ActiveCfg = Release|Win32
		{6A38A1B2-9ECB-4C3C-A424-0CBA88A7601B}.MinSizeRel|x86.Build.0 = Release|Win32
		{6A38A1B2-9ECB-4C3C-A424-0CBA88A7601B}.Profile|ARM64.ActiveCfg = Release|x64
		{6A38A1B2-9ECB-4C3C-A424-0CBA88A7601B}.Profile|ARM64.Build.0 = Release|x64
		{6A38A1B2-9ECB-4C3C-A424-0CBA88A7601B}.Profile|x64.ActiveCfg = Release|x64
		{6A38A1B2-9ECB-4C3C-A424-0CBA88A7601B}.Profile|x64.Build.0 = Release|x64
		{6A38A1B2-9ECB-4C3C-A424-0CBA88A7601B}.Profile|x86.ActiveCfg = Release|Win32
		{6A38A1B2-9ECB-4C3C-A424-0CBA88A7601B}.Profile|x86.Build.0 = Release|Win32
		{6A38A1B2-9ECB-4C3C-A424-0CBA88A7601B}.Release|ARM64.ActiveCfg = Release|x64
		{6A38A1B2-9ECB-4C3C-A424-0CBA88A7601B}.Release|ARM64.Build.0 = Release|x64
		{6A38A1B2-9ECB-4C3C-A424-0CBA88A7601B}.Release|x64.ActiveCfg = Release|x64
		{6A38A1B2-9ECB-4C3C-A424-0CBA88A7601B}.Release|x64.Build.0 = Release|x64
		{6A38A1B2-9ECB-4C3C-A424-0CBA88A7601B}.Release|x86.ActiveCfg = Release|Win32
		{6A38A1B2-9ECB-4C3C-A424-0CBA88A7601B}.Release|x86.Build.0 = Release|Win32
		{6A38A1B2-9ECB-4C3C-A424-0CBA88A7601B}.RelWithDebInfo|ARM64.ActiveCfg = Debug|x64
		{6A38A1B2-9ECB-4C3C-A424-0CBA88A7601B}.RelWithDebInfo|ARM64.Build.0 = Debug|x64
		{6A38A1B2-9ECB-4C3C-A424-0CBA88A7601B}.RelWithDebInfo|x64.ActiveCfg = Debug|x64
		{6A38A1B2-9ECB-4C3C-A424-0CBA88A7601B}.RelWithDebInfo|x64.Build.0 = Debug|x64
		{6A38A1B2-9ECB-4C3C-A424-0CBA88A7601B}.RelWithDebInfo|x86.ActiveCfg = Debug|Win32
		{6A38A1B2-9ECB-4C3C-A424-0CBA88A7601B}.RelWithDebInfo|x86.Build.0 = Debug|Win32
		{C441C66F-B797-3C3E-B0AF-BF5D343030EE}.Debug|ARM64.ActiveCfg = Debug|x64
		{C441C66F-B797-3C3E-B0AF-BF5D343030EE}.Debug|ARM64.Build.0 = Debug|x64
		{C441C66F-B797-3C3E-B0AF-BF5D343030EE}.Debug|x64.ActiveCfg = Debug|x64
		{C441C66F-B797-3C3E-B0AF-BF5D343030EE}.Debug|x64.Build.0 = Debug|x64
		{C441C66F-B797-3C3E-B0AF-BF5D343030EE}.Debug|x86.ActiveCfg = Debug|x64
		{C441C66F-B797-3C3E-B0AF-BF5D343030EE}.Debug|x86.Build.0 = Debug|x64
		{C441C66F-B797-3C3E-B0AF-BF5D343030EE}.MinSizeRel|ARM64.ActiveCfg = MinSizeRel|x64
		{C441C66F-B797-3C3E-B0AF-BF5D343030EE}.MinSizeRel|ARM64.Build.0 = MinSizeRel|x64
		{C441C66F-B797-3C3E-B0AF-BF5D343030EE}.MinSizeRel|x64.ActiveCfg = MinSizeRel|x64
		{C441C66F-B797-3C3E-B0AF-BF5D343030EE}.MinSizeRel|x64.Build.0 = MinSizeRel|x64
		{C441C66F-B797-3C3E-B0AF-BF5D343030EE}.MinSizeRel|x86.ActiveCfg = MinSizeRel|x64
		{C441C66F-B797-3C3E-B0AF-BF5D343030EE}.MinSizeRel|x86.Build.0 = MinSizeRel|x64
		{C441C66F-B797-3C3E-B0AF-BF5D343030EE}.Profile|ARM64.ActiveCfg = Release|x64
		{C441C66F-B797-3C3E-B0AF-BF5D343030EE}.Profile|ARM64.Build.0 = Release|x64
		{C441C66F-B797-3C3E-B0AF-BF5D343030EE}.Profile|x64.ActiveCfg = Release|x64
		{C441C66F-B797-3C3E-B0AF-BF5D343030EE}.Profile|x64.Build.0 = Release|x64
		{C441C66F-B797-3C3E-B0AF-BF5D343030EE}.Profile|x86.ActiveCfg = Release|x64
		{C441C66F-B797-3C3E-B0AF-BF5D343030EE}.Profile|x86.Build.0 = Release|x64
		{C441C66F-B797-3C3E-B0AF-BF5D343030EE}.Release|ARM64.ActiveCfg = Release|x64
		{C441C66F-B797-3C3E-B0AF-BF5D343030EE}.Release|ARM64.Build.0 = Release|x64
		{C441C66F-B797-3C3E-B0AF-BF5D343030EE}.Release|x64.ActiveCfg = Release|x64
		{C441C66F-B797-3C3E-B0AF-BF5D343030EE}.Release|x64.Build.0 = Release|x64
		{C441C66F-B797-3C3E-B0AF-BF5D343030EE}.Release|x86.ActiveCfg = Release|x64
		{C441C66F-B797-3C3E-B0AF-BF5D343030EE}.Release|x86.Build.0 = Release|x64
		{C441C66F-B797-3C3E-B0AF-BF5D343030EE}.RelWithDebInfo|ARM64.ActiveCfg = RelWithDebInfo|x64
		{C441C66F-B797-3C3E-B0AF-BF5D343030EE}.RelWithDebInfo|ARM64.Build.0 = RelWithDebInfo|x64
		{C441C66F-B797-3C3E-B0AF-BF5D343030EE}.RelWithDebInfo|x64.ActiveCfg = RelWithDebInfo|x64
		{C441C66F-B797-3C3E-B0AF-BF5D343030EE}.RelWithDebInfo|x64.Build.0 = RelWithDebInfo|x64
		{C441C66F-B797-3C3E-B0AF-BF5D343030EE}.RelWithDebInfo|x86.ActiveCfg = RelWithDebInfo|x64
		{C441C66F-B797-3C3E-B0AF-BF5D343030EE}.RelWithDebInfo|x86.Build.0 = RelWithDebInfo|x64
	EndGlobalSection
	GlobalSection(SolutionProperties) = preSolution
		HideSolutionNode = FALSE
	EndGlobalSection
	GlobalSection(NestedProjects) = preSolution
		{371B9FA9-4C90-4AC6-A123-ACED756D6C77} = {8FA60564-8888-4AF4-B284-E6CF2D38A0DD}
		{3C0D002F-0E65-3A11-ACB6-1BA099F2E74B} = {8FA60564-8888-4AF4-B284-E6CF2D38A0DD}
		{C441C66F-B797-3C3E-B0AF-BF5D343030EE} = {8FA60564-8888-4AF4-B284-E6CF2D38A0DD}
	EndGlobalSection
	GlobalSection(ExtensibilityGlobals) = postSolution
		SolutionGuid = {96B134DD-4CE1-4917-9D18-C97EC759F7BD}
	EndGlobalSection
EndGlobal
