
Microsoft Visual Studio Solution File, Format Version 12.00
# Visual Studio 15
VisualStudioVersion = 15.0.28307.1259
MinimumVisualStudioVersion = 10.0.40219.1
Project("{8BC9CEB8-8B4A-11D0-8D11-00A0C91BC942}") = "Editor", "Editor\Editor.vcxproj", "{8C1A20B0-78BC-4A86-6177-5EDA4DB8D1D6}"
	ProjectSection(ProjectDependencies) = postProject
		{DBC7D3B0-C769-FE86-B024-12DB9C6585D7} = {DBC7D3B0-C769-FE86-B024-12DB9C6585D7}
	EndProjectSection
EndProject
Project("{8BC9CEB8-8B4A-11D0-8D11-00A0C91BC942}") = "Engine", "Engine\Engine.vcxproj", "{DBC7D3B0-C769-FE86-B024-12DB9C6585D7}"
EndProject
Project("{8BC9CEB8-8B4A-11D0-8D11-00A0C91BC942}") = "Tests", "Tests\Tests.vcxproj", "{5865280E-C479-50BF-8DFB-F31EF9CE4CF0}"
	ProjectSection(ProjectDependencies) = postProject
		{DBC7D3B0-C769-FE86-B024-12DB9C6585D7} = {DBC7D3B0-C769-FE86-B024-12DB9C6585D7}
	EndProjectSection
EndProject
Project("{8BC9CEB8-8B4A-11D0-8D11-00A0C91BC942}") = "Sandbox", "Sandbox\Sandbox.vcxproj", "{F2E341E5-89BE-4C31-814A-F4DB53118D8C}"
EndProject
Global
	GlobalSection(SolutionConfigurationPlatforms) = preSolution
		Debug|x64 = Debug|x64
		Debug|x86 = Debug|x86
		Release|x64 = Release|x64
		Release|x86 = Release|x86
	EndGlobalSection
	GlobalSection(ProjectConfigurationPlatforms) = postSolution
		{8C1A20B0-78BC-4A86-6177-5EDA4DB8D1D6}.Debug|x64.ActiveCfg = Debug|x64
		{8C1A20B0-78BC-4A86-6177-5EDA4DB8D1D6}.Debug|x64.Build.0 = Debug|x64
		{8C1A20B0-78BC-4A86-6177-5EDA4DB8D1D6}.Debug|x86.ActiveCfg = Debug|x64
		{8C1A20B0-78BC-4A86-6177-5EDA4DB8D1D6}.Release|x64.ActiveCfg = Release|x64
		{8C1A20B0-78BC-4A86-6177-5EDA4DB8D1D6}.Release|x64.Build.0 = Release|x64
		{8C1A20B0-78BC-4A86-6177-5EDA4DB8D1D6}.Release|x86.ActiveCfg = Release|x64
		{DBC7D3B0-C769-FE86-B024-12DB9C6585D7}.Debug|x64.ActiveCfg = Debug|x64
		{DBC7D3B0-C769-FE86-B024-12DB9C6585D7}.Debug|x64.Build.0 = Debug|x64
		{DBC7D3B0-C769-FE86-B024-12DB9C6585D7}.Debug|x86.ActiveCfg = Debug|x64
		{DBC7D3B0-C769-FE86-B024-12DB9C6585D7}.Release|x64.ActiveCfg = Release|x64
		{DBC7D3B0-C769-FE86-B024-12DB9C6585D7}.Release|x64.Build.0 = Release|x64
		{DBC7D3B0-C769-FE86-B024-12DB9C6585D7}.Release|x86.ActiveCfg = Release|x64
		{5865280E-C479-50BF-8DFB-F31EF9CE4CF0}.Debug|x64.ActiveCfg = Debug|x64
		{5865280E-C479-50BF-8DFB-F31EF9CE4CF0}.Debug|x64.Build.0 = Debug|x64
		{5865280E-C479-50BF-8DFB-F31EF9CE4CF0}.Debug|x86.ActiveCfg = Debug|x64
		{5865280E-C479-50BF-8DFB-F31EF9CE4CF0}.Release|x64.ActiveCfg = Release|x64
		{5865280E-C479-50BF-8DFB-F31EF9CE4CF0}.Release|x64.Build.0 = Release|x64
		{5865280E-C479-50BF-8DFB-F31EF9CE4CF0}.Release|x86.ActiveCfg = Release|x64
		{F2E341E5-89BE-4C31-814A-F4DB53118D8C}.Debug|x64.ActiveCfg = Debug|x64
		{F2E341E5-89BE-4C31-814A-F4DB53118D8C}.Debug|x64.Build.0 = Debug|x64
		{F2E341E5-89BE-4C31-814A-F4DB53118D8C}.Debug|x86.ActiveCfg = Debug|Win32
		{F2E341E5-89BE-4C31-814A-F4DB53118D8C}.Debug|x86.Build.0 = Debug|Win32
		{F2E341E5-89BE-4C31-814A-F4DB53118D8C}.Release|x64.ActiveCfg = Release|x64
		{F2E341E5-89BE-4C31-814A-F4DB53118D8C}.Release|x64.Build.0 = Release|x64
		{F2E341E5-89BE-4C31-814A-F4DB53118D8C}.Release|x86.ActiveCfg = Release|Win32
		{F2E341E5-89BE-4C31-814A-F4DB53118D8C}.Release|x86.Build.0 = Release|Win32
	EndGlobalSection
	GlobalSection(SolutionProperties) = preSolution
		HideSolutionNode = FALSE
	EndGlobalSection
	GlobalSection(ExtensibilityGlobals) = postSolution
		SolutionGuid = {96B134DD-4CE1-4917-9D18-C97EC759F7BD}
	EndGlobalSection
EndGlobal
