<?xml version="1.0" encoding="utf-8"?>
<Project ToolsVersion="4.0" xmlns="http://schemas.microsoft.com/developer/msbuild/2003">
  <ItemGroup>
    <Filter Include="Core">
      <UniqueIdentifier>{2EB4837C-1AEB-840D-C3D7-6A10AFED000F}</UniqueIdentifier>
    </Filter>
    <Filter Include="Rendering">
      <UniqueIdentifier>{4782b9c9-698b-4b49-9bcf-5515d4b01956}</UniqueIdentifier>
    </Filter>
    <Filter Include="Rendering\D3D11">
      <UniqueIdentifier>{abe9f6c8-d06f-4a6a-a772-5464b4ec6150}</UniqueIdentifier>
    </Filter>
  </ItemGroup>
  <ItemGroup>
    <ClInclude Include="Src\Core\DiveDefs.h">
      <Filter>Core</Filter>
    </ClInclude>
    <ClInclude Include="Src\Core\DiveEngine.h">
      <Filter>Core</Filter>
    </ClInclude>
    <ClInclude Include="Src\Core\Engine.h">
      <Filter>Core</Filter>
    </ClInclude>
    <ClInclude Include="Src\Core\ISystem.h">
      <Filter>Core</Filter>
    </ClInclude>
    <ClInclude Include="Src\Core\Log.h">
      <Filter>Core</Filter>
    </ClInclude>
    <ClInclude Include="Src\Core\Object.h">
      <Filter>Core</Filter>
    </ClInclude>
    <ClInclude Include="Src\Core\Stopwatch.h">
      <Filter>Core</Filter>
    </ClInclude>
    <ClInclude Include="Src\Core\StringUtils.h">
      <Filter>Core</Filter>
    </ClInclude>
    <ClInclude Include="Src\Core\SystemManager.h">
      <Filter>Core</Filter>
    </ClInclude>
    <ClInclude Include="Src\Core\Timer.h">
      <Filter>Core</Filter>
    </ClInclude>
    <ClInclude Include="Src\DivePch.h" />
    <ClInclude Include="Src\Rendering\D3D11\ConstantBuffer.h">
      <Filter>Rendering\D3D11</Filter>
    </ClInclude>
    <ClInclude Include="Src\Rendering\D3D11\IndexBuffer.h">
      <Filter>Rendering\D3D11</Filter>
    </ClInclude>
    <ClInclude Include="Src\Rendering\D3D11\RenderDevice.h">
      <Filter>Rendering\D3D11</Filter>
    </ClInclude>
    <ClInclude Include="Src\Rendering\D3D11\RenderDeviceEnums.h">
      <Filter>Rendering\D3D11</Filter>
    </ClInclude>
    <ClInclude Include="Src\Rendering\D3D11\RenderDeviceTypes.h">
      <Filter>Rendering\D3D11</Filter>
    </ClInclude>
    <ClInclude Include="Src\Rendering\D3D11\VertexBuffer.h">
      <Filter>Rendering\D3D11</Filter>
    </ClInclude>
    <ClInclude Include="Src\Rendering\D3D11\VertexTypes.h">
      <Filter>Rendering\D3D11</Filter>
    </ClInclude>
    <ClInclude Include="Src\Rendering\Renderer.h">
      <Filter>Rendering</Filter>
    </ClInclude>
  </ItemGroup>
  <ItemGroup>
    <ClCompile Include="Src\Core\Engine.cpp">
      <Filter>Core</Filter>
    </ClCompile>
    <ClCompile Include="Src\Core\Log.cpp">
      <Filter>Core</Filter>
    </ClCompile>
    <ClCompile Include="Src\Core\Stopwatch.cpp">
      <Filter>Core</Filter>
    </ClCompile>
    <ClCompile Include="Src\Core\StringUtils.cpp">
      <Filter>Core</Filter>
    </ClCompile>
    <ClCompile Include="Src\Core\Timer.cpp">
      <Filter>Core</Filter>
    </ClCompile>
    <ClCompile Include="Src\DivePch.cpp" />
    <ClCompile Include="Src\Rendering\D3D11\ConstantBuffer.cpp">
      <Filter>Rendering\D3D11</Filter>
    </ClCompile>
    <ClCompile Include="Src\Rendering\D3D11\IndexBuffer.cpp">
      <Filter>Rendering\D3D11</Filter>
    </ClCompile>
    <ClCompile Include="Src\Rendering\D3D11\RenderDevice.cpp">
      <Filter>Rendering\D3D11</Filter>
    </ClCompile>
    <ClCompile Include="Src\Rendering\D3D11\VertexBuffer.cpp">
      <Filter>Rendering\D3D11</Filter>
    </ClCompile>
    <ClCompile Include="Src\Rendering\Renderer.cpp">
      <Filter>Rendering</Filter>
    </ClCompile>
  </ItemGroup>
</Project>