<?xml version="1.0" encoding="utf-8"?>
<Project ToolsVersion="4.0" xmlns="http://schemas.microsoft.com/developer/msbuild/2003">
  <ItemGroup>
    <ClInclude Include="Src\divepch.h">
      <Filter>Src</Filter>
    </ClInclude>
    <ClInclude Include="Src\DiveEngine.h">
      <Filter>Src</Filter>
    </ClInclude>
    <ClInclude Include="Src\Engine\Application.h">
      <Filter>Src\Engine</Filter>
    </ClInclude>
    <ClInclude Include="Src\IO\IOEvents.h">
      <Filter>Src\IO</Filter>
    </ClInclude>
    <ClInclude Include="Src\Graphics\GraphicsEvents.h">
      <Filter>Src\Graphics</Filter>
    </ClInclude>
    <ClInclude Include="Src\Core\Context.h">
      <Filter>Src\Core</Filter>
    </ClInclude>
    <ClInclude Include="Src\Core\Object.h">
      <Filter>Src\Core</Filter>
    </ClInclude>
    <ClInclude Include="Src\Core\Timer.h">
      <Filter>Src\Core</Filter>
    </ClInclude>
    <ClInclude Include="Src\Core\EventSystem.h">
      <Filter>Src\Core</Filter>
    </ClInclude>
    <ClInclude Include="Src\Engine\Engine.h">
      <Filter>Src\Engine</Filter>
    </ClInclude>
    <ClInclude Include="Src\Engine\EngineDef.h">
      <Filter>Src\Engine</Filter>
    </ClInclude>
    <ClInclude Include="Src\Graphics\Graphics.h">
      <Filter>Src\Graphics</Filter>
    </ClInclude>
    <ClInclude Include="Src\IO\Log.h">
      <Filter>Src\IO</Filter>
    </ClInclude>
    <ClInclude Include="Src\Renderer\Renderer.h">
      <Filter>Src\Renderer</Filter>
    </ClInclude>
    <ClInclude Include="Src\Renderer\View.h">
      <Filter>Src\Renderer</Filter>
    </ClInclude>
    <ClInclude Include="Src\Core\CoreDefs.h">
      <Filter>Src\Core</Filter>
    </ClInclude>
    <ClInclude Include="Src\Scene\Scene.h">
      <Filter>Src\Scene</Filter>
    </ClInclude>
    <ClInclude Include="Src\Scene\GameObject.h">
      <Filter>Src\Scene</Filter>
    </ClInclude>
    <ClInclude Include="Src\Scene\Component\Component.h">
      <Filter>Src\Scene\Component</Filter>
    </ClInclude>
    <ClInclude Include="Src\Scene\Component\Transform.h">
      <Filter>Src\Scene\Component</Filter>
    </ClInclude>
    <ClInclude Include="Src\Math\Math.h">
      <Filter>Src\Math</Filter>
    </ClInclude>
    <ClInclude Include="Src\Graphics\VertexBuffer.h">
      <Filter>Src\Graphics</Filter>
    </ClInclude>
    <ClInclude Include="Src\Graphics\GraphicsDefs.h">
      <Filter>Src\Graphics</Filter>
    </ClInclude>
    <ClInclude Include="Src\Graphics\IndexBuffer.h">
      <Filter>Src\Graphics</Filter>
    </ClInclude>
    <ClInclude Include="Src\Math\StringHash.h">
      <Filter>Src\Math</Filter>
    </ClInclude>
    <ClInclude Include="Src\Graphics\InputLayout.h">
      <Filter>Src\Graphics</Filter>
    </ClInclude>
    <ClInclude Include="Src\Math\MathDefs.h">
      <Filter>Src\Math</Filter>
    </ClInclude>
    <ClInclude Include="Src\IO\FileSystem.h">
      <Filter>Src\IO</Filter>
    </ClInclude>
    <ClInclude Include="Src\Resource\ResourceCache.h">
      <Filter>Src\Resource</Filter>
    </ClInclude>
    <ClInclude Include="Src\Resource\Resource.h">
      <Filter>Src\Resource</Filter>
    </ClInclude>
    <ClInclude Include="Src\IO\FileStream.h">
      <Filter>Src\IO</Filter>
    </ClInclude>
    <ClInclude Include="Src\Renderer\Mesh.h">
      <Filter>Src\Renderer</Filter>
    </ClInclude>
    <ClInclude Include="Src\Renderer\Model.h">
      <Filter>Src\Renderer</Filter>
    </ClInclude>
    <ClInclude Include="Src\Renderer\RenderPath.h">
      <Filter>Src\Renderer</Filter>
    </ClInclude>
    <ClInclude Include="Src\Renderer\Viewport.h">
      <Filter>Src\Renderer</Filter>
    </ClInclude>
    <ClInclude Include="Src\Renderer\RendererEvents.h">
      <Filter>Src\Renderer</Filter>
    </ClInclude>
    <ClInclude Include="Src\Engine\EngineEvents.h">
      <Filter>Src\Engine</Filter>
    </ClInclude>
    <ClInclude Include="Src\Graphics\ConstantBuffer.h">
      <Filter>Src\Graphics</Filter>
    </ClInclude>
    <ClInclude Include="Src\Scene\Component\Drawable.h">
      <Filter>Src\Scene\Component</Filter>
    </ClInclude>
    <ClInclude Include="Src\Renderer\Material.h">
      <Filter>Src\Renderer</Filter>
    </ClInclude>
    <ClInclude Include="Src\Renderer\Technique.h">
      <Filter>Src\Renderer</Filter>
    </ClInclude>
    <ClInclude Include="Src\Graphics\ShaderProgram.h">
      <Filter>Src\Graphics</Filter>
    </ClInclude>
    <ClInclude Include="Src\Graphics\ShaderVariation.h">
      <Filter>Src\Graphics</Filter>
    </ClInclude>
    <ClInclude Include="Src\Graphics\Shader.h">
      <Filter>Src\Graphics</Filter>
    </ClInclude>
    <ClInclude Include="Src\Renderer\Batch.h">
      <Filter>Src\Renderer</Filter>
    </ClInclude>
    <ClInclude Include="Src\Resource\Image.h">
      <Filter>Src\Resource</Filter>
    </ClInclude>
    <ClInclude Include="Src\Graphics\Texture.h">
      <Filter>Src\Graphics</Filter>
    </ClInclude>
    <ClInclude Include="Src\Graphics\Texture2D.h">
      <Filter>Src\Graphics</Filter>
    </ClInclude>
    <ClInclude Include="Src\Graphics\RenderTexture.h">
      <Filter>Src\Graphics</Filter>
    </ClInclude>
    <ClInclude Include="Src\Input\Input.h">
      <Filter>Src\Input</Filter>
    </ClInclude>
    <ClInclude Include="Src\Scene\Component\Camera.h">
      <Filter>Src\Scene\Component</Filter>
    </ClInclude>
    <ClInclude Include="Src\Scene\Component\Light.h">
      <Filter>Src\Scene\Component</Filter>
    </ClInclude>
  </ItemGroup>
  <ItemGroup>
    <ClCompile Include="Src\divepch.cpp">
      <Filter>Src</Filter>
    </ClCompile>
    <ClCompile Include="Src\Engine\Application.cpp">
      <Filter>Src\Engine</Filter>
    </ClCompile>
    <ClCompile Include="Src\Core\Context.cpp">
      <Filter>Src\Core</Filter>
    </ClCompile>
    <ClCompile Include="Src\Core\Object.cpp">
      <Filter>Src\Core</Filter>
    </ClCompile>
    <ClCompile Include="Src\Core\Timer.cpp">
      <Filter>Src\Core</Filter>
    </ClCompile>
    <ClCompile Include="Src\Engine\Engine.cpp">
      <Filter>Src\Engine</Filter>
    </ClCompile>
    <ClCompile Include="Src\IO\Log.cpp">
      <Filter>Src\IO</Filter>
    </ClCompile>
    <ClCompile Include="Src\Renderer\Renderer.cpp">
      <Filter>Src\Renderer</Filter>
    </ClCompile>
    <ClCompile Include="Src\Renderer\View.cpp">
      <Filter>Src\Renderer</Filter>
    </ClCompile>
    <ClCompile Include="Src\Scene\Scene.cpp">
      <Filter>Src\Scene</Filter>
    </ClCompile>
    <ClCompile Include="Src\Scene\GameObject.cpp">
      <Filter>Src\Scene</Filter>
    </ClCompile>
    <ClCompile Include="Src\Scene\Component\Component.cpp">
      <Filter>Src\Scene\Component</Filter>
    </ClCompile>
    <ClCompile Include="Src\Scene\Component\Transform.cpp">
      <Filter>Src\Scene\Component</Filter>
    </ClCompile>
    <ClCompile Include="Src\Math\Math.cpp">
      <Filter>Src\Math</Filter>
    </ClCompile>
    <ClCompile Include="Src\Graphics\VertexBuffer.cpp">
      <Filter>Src\Graphics</Filter>
    </ClCompile>
    <ClCompile Include="Src\Graphics\IndexBuffer.cpp">
      <Filter>Src\Graphics</Filter>
    </ClCompile>
    <ClCompile Include="Src\Graphics\InputLayout.cpp">
      <Filter>Src\Graphics</Filter>
    </ClCompile>
    <ClCompile Include="Src\Math\MathDefs.cpp">
      <Filter>Src\Math</Filter>
    </ClCompile>
    <ClCompile Include="Src\IO\FileSystem.cpp">
      <Filter>Src\IO</Filter>
    </ClCompile>
    <ClCompile Include="Src\Resource\ResourceCache.cpp">
      <Filter>Src\Resource</Filter>
    </ClCompile>
    <ClCompile Include="Src\Resource\Resource.cpp">
      <Filter>Src\Resource</Filter>
    </ClCompile>
    <ClCompile Include="Src\IO\FileStream.cpp">
      <Filter>Src\IO</Filter>
    </ClCompile>
    <ClCompile Include="Src\Renderer\Mesh.cpp">
      <Filter>Src\Renderer</Filter>
    </ClCompile>
    <ClCompile Include="Src\Renderer\Model.cpp">
      <Filter>Src\Renderer</Filter>
    </ClCompile>
    <ClCompile Include="Src\Renderer\RenderPath.cpp">
      <Filter>Src\Renderer</Filter>
    </ClCompile>
    <ClCompile Include="Src\Renderer\Viewport.cpp">
      <Filter>Src\Renderer</Filter>
    </ClCompile>
    <ClCompile Include="Src\Graphics\ConstantBuffer.cpp">
      <Filter>Src\Graphics</Filter>
    </ClCompile>
    <ClCompile Include="Src\Scene\Component\Drawable.cpp">
      <Filter>Src\Scene\Component</Filter>
    </ClCompile>
    <ClCompile Include="Src\Renderer\Material.cpp">
      <Filter>Src\Renderer</Filter>
    </ClCompile>
    <ClCompile Include="Src\Renderer\Technique.cpp">
      <Filter>Src\Renderer</Filter>
    </ClCompile>
    <ClCompile Include="Src\Graphics\ShaderProgram.cpp">
      <Filter>Src\Graphics</Filter>
    </ClCompile>
    <ClCompile Include="Src\Graphics\ShaderVariation.cpp">
      <Filter>Src\Graphics</Filter>
    </ClCompile>
    <ClCompile Include="Src\Graphics\Shader.cpp">
      <Filter>Src\Graphics</Filter>
    </ClCompile>
    <ClCompile Include="Src\Renderer\Batch.cpp">
      <Filter>Src\Renderer</Filter>
    </ClCompile>
    <ClCompile Include="Src\Graphics\Graphics_d3d11.cpp">
      <Filter>Src\Graphics</Filter>
    </ClCompile>
    <ClCompile Include="Src\Graphics\Graphics_window.cpp">
      <Filter>Src\Graphics</Filter>
    </ClCompile>
    <ClCompile Include="Src\Resource\Image.cpp">
      <Filter>Src\Resource</Filter>
    </ClCompile>
    <ClCompile Include="Src\Graphics\Texture.cpp">
      <Filter>Src\Graphics</Filter>
    </ClCompile>
    <ClCompile Include="Src\Graphics\Texture2D.cpp">
      <Filter>Src\Graphics</Filter>
    </ClCompile>
    <ClCompile Include="Src\Graphics\RenderTexture.cpp">
      <Filter>Src\Graphics</Filter>
    </ClCompile>
    <ClCompile Include="Src\Input\Input.cpp">
      <Filter>Src\Input</Filter>
    </ClCompile>
    <ClCompile Include="Src\Scene\Component\Camera.cpp">
      <Filter>Src\Scene\Component</Filter>
    </ClCompile>
    <ClCompile Include="Src\Scene\Component\Light.cpp">
      <Filter>Src\Scene\Component</Filter>
    </ClCompile>
  </ItemGroup>
  <ItemGroup>
    <Filter Include="External">
      <UniqueIdentifier>{b8cdb25b-3036-44e0-baa2-bd91ede243cb}</UniqueIdentifier>
    </Filter>
    <Filter Include="Src">
      <UniqueIdentifier>{c7d05b3b-5ca0-4b66-8f7c-5dbfba591b66}</UniqueIdentifier>
    </Filter>
    <Filter Include="Src\Scene">
      <UniqueIdentifier>{c1aa4b85-851d-45df-abea-6fec5b35b458}</UniqueIdentifier>
    </Filter>
    <Filter Include="Src\Input">
      <UniqueIdentifier>{7d6380e9-9fcb-4788-b719-d270596b1123}</UniqueIdentifier>
    </Filter>
    <Filter Include="Src\Resource">
      <UniqueIdentifier>{a52c840e-1afd-4594-981d-8351db2f048e}</UniqueIdentifier>
    </Filter>
    <Filter Include="Src\Renderer">
      <UniqueIdentifier>{1326af25-081c-4cf4-b939-d927b9d45a14}</UniqueIdentifier>
    </Filter>
    <Filter Include="Src\Math">
      <UniqueIdentifier>{fa9d06cb-f09c-43a6-ad08-3a49ed240a34}</UniqueIdentifier>
    </Filter>
    <Filter Include="Src\Scene\Component">
      <UniqueIdentifier>{9d00574e-8829-4d1b-bf2e-35026b52a632}</UniqueIdentifier>
    </Filter>
    <Filter Include="Src\Engine">
      <UniqueIdentifier>{3014dab7-0fbc-438f-b953-197ce26777e5}</UniqueIdentifier>
    </Filter>
    <Filter Include="Src\Graphics">
      <UniqueIdentifier>{20158f07-2ec3-4164-a16c-cea82c4ca9f5}</UniqueIdentifier>
    </Filter>
    <Filter Include="Src\Core">
      <UniqueIdentifier>{0c347253-8f53-4068-be74-223121ffe2f5}</UniqueIdentifier>
    </Filter>
    <Filter Include="Src\IO">
      <UniqueIdentifier>{c3611e48-9531-40bb-9a94-61c0e6236541}</UniqueIdentifier>
    </Filter>
  </ItemGroup>
</Project>