<?xml version="1.0" encoding="utf-8"?>
<Project ToolsVersion="4.0" xmlns="http://schemas.microsoft.com/developer/msbuild/2003">
  <ItemGroup>
    <ClCompile Include="Src\main.cpp">
      <Filter>Src</Filter>
    </ClCompile>
    <ClCompile Include="Src\Test_IniHelper.cpp">
      <Filter>Src</Filter>
    </ClCompile>
    <ClCompile Include="Src\Test_StringHelper.cpp">
      <Filter>Src</Filter>
    </ClCompile>
  </ItemGroup>
  <ItemGroup>
    <Filter Include="Src">
      <UniqueIdentifier>{81dcbf74-aa17-4c24-8bc1-5b76698e868b}</UniqueIdentifier>
    </Filter>
  </ItemGroup>
</Project>