<?xml version="1.0" encoding="utf-8"?>
<Project ToolsVersion="4.0" xmlns="http://schemas.microsoft.com/developer/msbuild/2003">
  <ItemGroup>
    <Filter Include="Src">
      <UniqueIdentifier>{32d78859-8288-4362-9a2f-6df66634ede3}</UniqueIdentifier>
    </Filter>
    <Filter Include="External">
      <UniqueIdentifier>{b9fe3649-05c9-4075-85e7-c703a9572b1d}</UniqueIdentifier>
    </Filter>
    <Filter Include="Src\Panels">
      <UniqueIdentifier>{dba1d6d5-d24a-4973-a600-05755b89378e}</UniqueIdentifier>
    </Filter>
    <Filter Include="External\imgui">
      <UniqueIdentifier>{b74d7f92-ff6e-45e2-8eb9-27eb5dea39b4}</UniqueIdentifier>
    </Filter>
    <Filter Include="External\imgui\backends">
      <UniqueIdentifier>{055f89d3-6b97-453f-935b-d562c83307bc}</UniqueIdentifier>
    </Filter>
    <Filter Include="Src\Project">
      <UniqueIdentifier>{5fd1bb1f-8660-4682-b5fd-4f8b4fea14f0}</UniqueIdentifier>
    </Filter>
  </ItemGroup>
  <ItemGroup>
    <ClCompile Include="Src\Editor.cpp">
      <Filter>Src</Filter>
    </ClCompile>
    <ClCompile Include="Src\main.cpp">
      <Filter>Src</Filter>
    </ClCompile>
    <ClCompile Include="Src\Panels\Panel.cpp">
      <Filter>Src\Panels</Filter>
    </ClCompile>
    <ClCompile Include="Src\Panels\WorldView.cpp">
      <Filter>Src\Panels</Filter>
    </ClCompile>
    <ClCompile Include="Src\Panels\GameView.cpp">
      <Filter>Src\Panels</Filter>
    </ClCompile>
    <ClCompile Include="externals\imgui\imgui.cpp">
      <Filter>External\imgui</Filter>
    </ClCompile>
    <ClCompile Include="externals\imgui\imgui_demo.cpp">
      <Filter>External\imgui</Filter>
    </ClCompile>
    <ClCompile Include="externals\imgui\imgui_draw.cpp">
      <Filter>External\imgui</Filter>
    </ClCompile>
    <ClCompile Include="externals\imgui\imgui_tables.cpp">
      <Filter>External\imgui</Filter>
    </ClCompile>
    <ClCompile Include="externals\imgui\imgui_widgets.cpp">
      <Filter>External\imgui</Filter>
    </ClCompile>
    <ClCompile Include="externals\imgui\backends\imgui_impl_dx11.cpp">
      <Filter>External\imgui\backends</Filter>
    </ClCompile>
    <ClCompile Include="externals\imgui\backends\imgui_impl_win32.cpp">
      <Filter>External\imgui\backends</Filter>
    </ClCompile>
    <ClCompile Include="Src\Panels\HierarchyView.cpp">
      <Filter>Src\Panels</Filter>
    </ClCompile>
    <ClCompile Include="Src\Panels\InspectorView.cpp">
      <Filter>Src\Panels</Filter>
    </ClCompile>
    <ClCompile Include="Src\Panels\ProjectView.cpp">
      <Filter>Src\Panels</Filter>
    </ClCompile>
    <ClCompile Include="Src\Panels\ContentBrowserPanel.cpp">
      <Filter>Src\Panels</Filter>
    </ClCompile>
    <ClCompile Include="Src\Project\Project.cpp">
      <Filter>Src\Project</Filter>
    </ClCompile>
  </ItemGroup>
  <ItemGroup>
    <ClInclude Include="Src\Editor.h">
      <Filter>Src</Filter>
    </ClInclude>
    <ClInclude Include="Src\Panels\Panel.h">
      <Filter>Src\Panels</Filter>
    </ClInclude>
    <ClInclude Include="Src\Panels\WorldView.h">
      <Filter>Src\Panels</Filter>
    </ClInclude>
    <ClInclude Include="Src\Panels\GameView.h">
      <Filter>Src\Panels</Filter>
    </ClInclude>
    <ClInclude Include="externals\imgui\imgui.h">
      <Filter>External\imgui</Filter>
    </ClInclude>
    <ClInclude Include="externals\imgui\imconfig.h">
      <Filter>External\imgui</Filter>
    </ClInclude>
    <ClInclude Include="externals\imgui\imgui_internal.h">
      <Filter>External\imgui</Filter>
    </ClInclude>
    <ClInclude Include="externals\imgui\backends\imgui_impl_dx11.h">
      <Filter>External\imgui\backends</Filter>
    </ClInclude>
    <ClInclude Include="externals\imgui\backends\imgui_impl_win32.h">
      <Filter>External\imgui\backends</Filter>
    </ClInclude>
    <ClInclude Include="Src\Panels\HierarchyView.h">
      <Filter>Src\Panels</Filter>
    </ClInclude>
    <ClInclude Include="Src\Panels\InspectorView.h">
      <Filter>Src\Panels</Filter>
    </ClInclude>
    <ClInclude Include="Src\Panels\ProjectView.h">
      <Filter>Src\Panels</Filter>
    </ClInclude>
    <ClInclude Include="Src\Panels\ContentBrowserPanel.h">
      <Filter>Src\Panels</Filter>
    </ClInclude>
    <ClInclude Include="Src\Project\Project.h">
      <Filter>Src\Project</Filter>
    </ClInclude>
  </ItemGroup>
</Project>