<?xml version="1.0" encoding="utf-8"?>
<Project ToolsVersion="4.0" xmlns="http://schemas.microsoft.com/developer/msbuild/2003">
  <ItemGroup>
    <Filter Include="core">
      <UniqueIdentifier>{23d1b93c-b95b-4b9c-bc0e-143926884348}</UniqueIdentifier>
    </Filter>
    <Filter Include="rendering">
      <UniqueIdentifier>{ed2e53b9-470f-4d28-8fa8-fbedba47c21b}</UniqueIdentifier>
    </Filter>
    <Filter Include="resource">
      <UniqueIdentifier>{d816e904-8b29-496e-afbe-4f8dcb42c43c}</UniqueIdentifier>
    </Filter>
    <Filter Include="graphics">
      <UniqueIdentifier>{2b44d4ba-87e2-4f36-9a78-24be61b71238}</UniqueIdentifier>
    </Filter>
  </ItemGroup>
  <ItemGroup>
    <ClInclude Include="src\dive.h" />
    <ClInclude Include="src\stdafx.h" />
    <ClInclude Include="src\core\CoreDefs.h">
      <Filter>core</Filter>
    </ClInclude>
    <ClInclude Include="src\core\FileUtils.h">
      <Filter>core</Filter>
    </ClInclude>
    <ClInclude Include="src\core\Log.h">
      <Filter>core</Filter>
    </ClInclude>
    <ClInclude Include="src\core\StringUtils.h">
      <Filter>core</Filter>
    </ClInclude>
    <ClInclude Include="src\core\Window.h">
      <Filter>core</Filter>
    </ClInclude>
    <ClInclude Include="src\rendering\Renderer.h">
      <Filter>rendering</Filter>
    </ClInclude>
    <ClInclude Include="src\core\Engine.h">
      <Filter>core</Filter>
    </ClInclude>
    <ClInclude Include="src\core\EventDispatcher.h">
      <Filter>core</Filter>
    </ClInclude>
    <ClInclude Include="src\resource\Resource.h">
      <Filter>resource</Filter>
    </ClInclude>
    <ClInclude Include="src\core\Object.h">
      <Filter>core</Filter>
    </ClInclude>
    <ClInclude Include="src\resource\ResourceManager.h">
      <Filter>resource</Filter>
    </ClInclude>
    <ClInclude Include="src\graphics\Graphics.h">
      <Filter>graphics</Filter>
    </ClInclude>
    <ClInclude Include="src\graphics\Texture.h">
      <Filter>graphics</Filter>
    </ClInclude>
    <ClInclude Include="src\graphics\Texture2D.h">
      <Filter>graphics</Filter>
    </ClInclude>
    <ClInclude Include="src\graphics\Cubemap.h">
      <Filter>graphics</Filter>
    </ClInclude>
    <ClInclude Include="src\graphics\Texture2DArray.h">
      <Filter>graphics</Filter>
    </ClInclude>
    <ClInclude Include="src\rendering\GBuffer.h">
      <Filter>rendering</Filter>
    </ClInclude>
    <ClInclude Include="src\graphics\ConstantBuffer.h">
      <Filter>graphics</Filter>
    </ClInclude>
    <ClInclude Include="src\graphics\IndexBuffer.h">
      <Filter>graphics</Filter>
    </ClInclude>
    <ClInclude Include="src\graphics\Shader.h">
      <Filter>graphics</Filter>
    </ClInclude>
    <ClInclude Include="src\graphics\VertexBuffer.h">
      <Filter>graphics</Filter>
    </ClInclude>
  </ItemGroup>
  <ItemGroup>
    <ClCompile Include="src\stdafx.cpp" />
    <ClCompile Include="src\core\FileUtils.cpp">
      <Filter>core</Filter>
    </ClCompile>
    <ClCompile Include="src\core\Log.cpp">
      <Filter>core</Filter>
    </ClCompile>
    <ClCompile Include="src\core\StringUtils.cpp">
      <Filter>core</Filter>
    </ClCompile>
    <ClCompile Include="src\core\Window.cpp">
      <Filter>core</Filter>
    </ClCompile>
    <ClCompile Include="src\rendering\Renderer.cpp">
      <Filter>rendering</Filter>
    </ClCompile>
    <ClCompile Include="src\core\Engine.cpp">
      <Filter>core</Filter>
    </ClCompile>
    <ClCompile Include="src\core\EventDispatcher.cpp">
      <Filter>core</Filter>
    </ClCompile>
    <ClCompile Include="src\resource\Resource.cpp">
      <Filter>resource</Filter>
    </ClCompile>
    <ClCompile Include="src\core\Object.cpp">
      <Filter>core</Filter>
    </ClCompile>
    <ClCompile Include="src\resource\ResourceManager.cpp">
      <Filter>resource</Filter>
    </ClCompile>
    <ClCompile Include="src\graphics\Graphics.cpp">
      <Filter>graphics</Filter>
    </ClCompile>
    <ClCompile Include="src\graphics\Texture.cpp">
      <Filter>graphics</Filter>
    </ClCompile>
    <ClCompile Include="src\graphics\Texture2D.cpp">
      <Filter>graphics</Filter>
    </ClCompile>
    <ClCompile Include="src\graphics\Cubemap.cpp">
      <Filter>graphics</Filter>
    </ClCompile>
    <ClCompile Include="src\graphics\Texture2DArray.cpp">
      <Filter>graphics</Filter>
    </ClCompile>
    <ClCompile Include="src\rendering\GBuffer.cpp">
      <Filter>rendering</Filter>
    </ClCompile>
    <ClCompile Include="src\graphics\ConstantBuffer.cpp">
      <Filter>graphics</Filter>
    </ClCompile>
    <ClCompile Include="src\graphics\IndexBuffer.cpp">
      <Filter>graphics</Filter>
    </ClCompile>
    <ClCompile Include="src\graphics\Shader.cpp">
      <Filter>graphics</Filter>
    </ClCompile>
    <ClCompile Include="src\graphics\VertexBuffer.cpp">
      <Filter>graphics</Filter>
    </ClCompile>
  </ItemGroup>
</Project>