<?xml version="1.0" encoding="utf-8"?>
<Project ToolsVersion="4.0" xmlns="http://schemas.microsoft.com/developer/msbuild/2003">
  <ItemGroup>
    <Filter Include="core">
      <UniqueIdentifier>{23d1b93c-b95b-4b9c-bc0e-143926884348}</UniqueIdentifier>
    </Filter>
    <Filter Include="rendering">
      <UniqueIdentifier>{ed2e53b9-470f-4d28-8fa8-fbedba47c21b}</UniqueIdentifier>
    </Filter>
    <Filter Include="resource">
      <UniqueIdentifier>{d816e904-8b29-496e-afbe-4f8dcb42c43c}</UniqueIdentifier>
    </Filter>
    <Filter Include="graphics">
      <UniqueIdentifier>{2b44d4ba-87e2-4f36-9a78-24be61b71238}</UniqueIdentifier>
    </Filter>
    <Filter Include="math">
      <UniqueIdentifier>{f9b53f88-8239-44c7-bea5-21c6b9fb6b39}</UniqueIdentifier>
    </Filter>
    <Filter Include="world">
      <UniqueIdentifier>{01dd24fd-4851-46b1-83d1-3a485fa9cae6}</UniqueIdentifier>
    </Filter>
    <Filter Include="systems">
      <UniqueIdentifier>{e2e29c48-7bc4-4e38-94cc-da48eab50ba1}</UniqueIdentifier>
    </Filter>
  </ItemGroup>
  <ItemGroup>
    <ClInclude Include="src\dive.h" />
    <ClInclude Include="src\stdafx.h" />
    <ClInclude Include="src\core\CoreDefs.h">
      <Filter>core</Filter>
    </ClInclude>
    <ClInclude Include="src\core\FileUtils.h">
      <Filter>core</Filter>
    </ClInclude>
    <ClInclude Include="src\core\Log.h">
      <Filter>core</Filter>
    </ClInclude>
    <ClInclude Include="src\core\StringUtils.h">
      <Filter>core</Filter>
    </ClInclude>
    <ClInclude Include="src\core\EventDispatcher.h">
      <Filter>core</Filter>
    </ClInclude>
    <ClInclude Include="src\resource\Resource.h">
      <Filter>resource</Filter>
    </ClInclude>
    <ClInclude Include="src\resource\ResourceManager.h">
      <Filter>resource</Filter>
    </ClInclude>
    <ClInclude Include="src\graphics\ConstantBuffer.h">
      <Filter>graphics</Filter>
    </ClInclude>
    <ClInclude Include="src\graphics\Shader.h">
      <Filter>graphics</Filter>
    </ClInclude>
    <ClInclude Include="src\graphics\VertexBuffer.h">
      <Filter>graphics</Filter>
    </ClInclude>
    <ClInclude Include="src\math\Frustum.h">
      <Filter>math</Filter>
    </ClInclude>
    <ClInclude Include="src\math\Math.h">
      <Filter>math</Filter>
    </ClInclude>
    <ClInclude Include="src\graphics\IndexBuffer.h">
      <Filter>graphics</Filter>
    </ClInclude>
    <ClInclude Include="src\core\Window.h">
      <Filter>core</Filter>
    </ClInclude>
    <ClInclude Include="src\graphics\Graphics.h">
      <Filter>graphics</Filter>
    </ClInclude>
    <ClInclude Include="src\core\Engine.h">
      <Filter>core</Filter>
    </ClInclude>
    <ClInclude Include="src\graphics\RenderTexture.h">
      <Filter>graphics</Filter>
    </ClInclude>
    <ClInclude Include="src\graphics\Texture.h">
      <Filter>graphics</Filter>
    </ClInclude>
    <ClInclude Include="src\graphics\Texture2D.h">
      <Filter>graphics</Filter>
    </ClInclude>
    <ClInclude Include="src\graphics\Cubemap.h">
      <Filter>graphics</Filter>
    </ClInclude>
    <ClInclude Include="src\core\InstanceID.h">
      <Filter>core</Filter>
    </ClInclude>
    <ClInclude Include="src\rendering\Mesh.h">
      <Filter>rendering</Filter>
    </ClInclude>
    <ClInclude Include="src\math\BoundingBox.h">
      <Filter>math</Filter>
    </ClInclude>
    <ClInclude Include="src\rendering\MeshFactory.h">
      <Filter>rendering</Filter>
    </ClInclude>
    <ClInclude Include="src\world\Components.h">
      <Filter>world</Filter>
    </ClInclude>
    <ClInclude Include="src\world\World.h">
      <Filter>world</Filter>
    </ClInclude>
    <ClInclude Include="src\world\EntityManager.h">
      <Filter>world</Filter>
    </ClInclude>
    <ClInclude Include="src\world\WorldSerializer.h">
      <Filter>world</Filter>
    </ClInclude>
    <ClInclude Include="src\systems\SystemBase.h">
      <Filter>systems</Filter>
    </ClInclude>
    <ClInclude Include="src\systems\TransformSystem.h">
      <Filter>systems</Filter>
    </ClInclude>
    <ClInclude Include="src\core\Input.h">
      <Filter>core</Filter>
    </ClInclude>
    <ClInclude Include="src\rendering\Material.h">
      <Filter>rendering</Filter>
    </ClInclude>
    <ClInclude Include="src\systems\RenderingSystem.h">
      <Filter>systems</Filter>
    </ClInclude>
    <ClInclude Include="src\rendering\RenderingPipeline.h">
      <Filter>rendering</Filter>
    </ClInclude>
    <ClInclude Include="src\rendering\StaticMesh.h" />
    <ClInclude Include="src\rendering\SkinnedMesh.h" />
  </ItemGroup>
  <ItemGroup>
    <ClCompile Include="src\stdafx.cpp" />
    <ClCompile Include="src\core\FileUtils.cpp">
      <Filter>core</Filter>
    </ClCompile>
    <ClCompile Include="src\core\Log.cpp">
      <Filter>core</Filter>
    </ClCompile>
    <ClCompile Include="src\core\StringUtils.cpp">
      <Filter>core</Filter>
    </ClCompile>
    <ClCompile Include="src\core\EventDispatcher.cpp">
      <Filter>core</Filter>
    </ClCompile>
    <ClCompile Include="src\resource\Resource.cpp">
      <Filter>resource</Filter>
    </ClCompile>
    <ClCompile Include="src\resource\ResourceManager.cpp">
      <Filter>resource</Filter>
    </ClCompile>
    <ClCompile Include="src\graphics\ConstantBuffer.cpp">
      <Filter>graphics</Filter>
    </ClCompile>
    <ClCompile Include="src\graphics\IndexBuffer.cpp">
      <Filter>graphics</Filter>
    </ClCompile>
    <ClCompile Include="src\graphics\Shader.cpp">
      <Filter>graphics</Filter>
    </ClCompile>
    <ClCompile Include="src\graphics\VertexBuffer.cpp">
      <Filter>graphics</Filter>
    </ClCompile>
    <ClCompile Include="src\math\Frustum.cpp">
      <Filter>math</Filter>
    </ClCompile>
    <ClCompile Include="src\math\Math.cpp">
      <Filter>math</Filter>
    </ClCompile>
    <ClCompile Include="src\core\Window.cpp">
      <Filter>core</Filter>
    </ClCompile>
    <ClCompile Include="src\graphics\Graphics.cpp">
      <Filter>graphics</Filter>
    </ClCompile>
    <ClCompile Include="src\core\Engine.cpp">
      <Filter>core</Filter>
    </ClCompile>
    <ClCompile Include="src\graphics\RenderTexture.cpp">
      <Filter>graphics</Filter>
    </ClCompile>
    <ClCompile Include="src\graphics\Texture2D.cpp">
      <Filter>graphics</Filter>
    </ClCompile>
    <ClCompile Include="src\graphics\Cubemap.cpp">
      <Filter>graphics</Filter>
    </ClCompile>
    <ClCompile Include="src\graphics\Texture.cpp">
      <Filter>graphics</Filter>
    </ClCompile>
    <ClCompile Include="src\core\InstanceID.cpp">
      <Filter>core</Filter>
    </ClCompile>
    <ClCompile Include="src\rendering\Mesh.cpp">
      <Filter>rendering</Filter>
    </ClCompile>
    <ClCompile Include="src\math\BoundingBox.cpp">
      <Filter>math</Filter>
    </ClCompile>
    <ClCompile Include="src\rendering\MeshFactory.cpp">
      <Filter>rendering</Filter>
    </ClCompile>
    <ClCompile Include="src\world\World.cpp">
      <Filter>world</Filter>
    </ClCompile>
    <ClCompile Include="src\world\Components.cpp">
      <Filter>world</Filter>
    </ClCompile>
    <ClCompile Include="src\world\EntityManager.cpp">
      <Filter>world</Filter>
    </ClCompile>
    <ClCompile Include="src\world\WorldSerializer.cpp">
      <Filter>world</Filter>
    </ClCompile>
    <ClCompile Include="src\systems\TransformSystem.cpp">
      <Filter>systems</Filter>
    </ClCompile>
    <ClCompile Include="src\core\Input.cpp">
      <Filter>core</Filter>
    </ClCompile>
    <ClCompile Include="src\rendering\Material.cpp">
      <Filter>rendering</Filter>
    </ClCompile>
    <ClCompile Include="src\systems\RenderingSystem.cpp">
      <Filter>systems</Filter>
    </ClCompile>
    <ClCompile Include="src\rendering\RenderingPipeline.cpp">
      <Filter>rendering</Filter>
    </ClCompile>
    <ClCompile Include="src\rendering\StaticMesh.cpp" />
    <ClCompile Include="src\rendering\SkinnedMesh.cpp" />
  </ItemGroup>
</Project>