<?xml version="1.0" encoding="utf-8"?>
<Project ToolsVersion="4.0" xmlns="http://schemas.microsoft.com/developer/msbuild/2003">
  <ItemGroup>
    <Filter Include="Src">
      <UniqueIdentifier>{e8d6c8e1-0c68-4e73-912c-07dcc727d33b}</UniqueIdentifier>
    </Filter>
    <Filter Include="External">
      <UniqueIdentifier>{6f7c0f3b-8589-4d0d-b6d2-06e3c69ce3c1}</UniqueIdentifier>
    </Filter>
    <Filter Include="External\imgui-docking">
      <UniqueIdentifier>{7da0abde-bcd4-4ee0-8fc5-3e7d510719c2}</UniqueIdentifier>
    </Filter>
  </ItemGroup>
  <ItemGroup>
    <ClCompile Include="AssetViewer.cpp">
      <Filter>Src</Filter>
    </ClCompile>
    <ClCompile Include="..\External\include\imgui-docking\imgui.cpp">
      <Filter>External\imgui-docking</Filter>
    </ClCompile>
    <ClCompile Include="..\External\include\imgui-docking\imgui_demo.cpp">
      <Filter>External\imgui-docking</Filter>
    </ClCompile>
    <ClCompile Include="..\External\include\imgui-docking\imgui_draw.cpp">
      <Filter>External\imgui-docking</Filter>
    </ClCompile>
    <ClCompile Include="..\External\include\imgui-docking\imgui_impl_dx11.cpp">
      <Filter>External\imgui-docking</Filter>
    </ClCompile>
    <ClCompile Include="..\External\include\imgui-docking\imgui_impl_win32.cpp">
      <Filter>External\imgui-docking</Filter>
    </ClCompile>
    <ClCompile Include="..\External\include\imgui-docking\imgui_stdlib.cpp">
      <Filter>External\imgui-docking</Filter>
    </ClCompile>
    <ClCompile Include="..\External\include\imgui-docking\imgui_tables.cpp">
      <Filter>External\imgui-docking</Filter>
    </ClCompile>
    <ClCompile Include="..\External\include\imgui-docking\imgui_widgets.cpp">
      <Filter>External\imgui-docking</Filter>
    </ClCompile>
    <ClCompile Include="AssetImporter.cpp">
      <Filter>Src</Filter>
    </ClCompile>
  </ItemGroup>
  <ItemGroup>
    <ClInclude Include="AssetViewer.h">
      <Filter>Src</Filter>
    </ClInclude>
    <ClInclude Include="..\External\include\imgui-docking\imconfig.h">
      <Filter>External\imgui-docking</Filter>
    </ClInclude>
    <ClInclude Include="..\External\include\imgui-docking\imgui.h">
      <Filter>External\imgui-docking</Filter>
    </ClInclude>
    <ClInclude Include="..\External\include\imgui-docking\imgui_impl_dx11.h">
      <Filter>External\imgui-docking</Filter>
    </ClInclude>
    <ClInclude Include="..\External\include\imgui-docking\imgui_impl_win32.h">
      <Filter>External\imgui-docking</Filter>
    </ClInclude>
    <ClInclude Include="..\External\include\imgui-docking\imgui_internal.h">
      <Filter>External\imgui-docking</Filter>
    </ClInclude>
    <ClInclude Include="..\External\include\imgui-docking\imgui_stdlib.h">
      <Filter>External\imgui-docking</Filter>
    </ClInclude>
    <ClInclude Include="..\External\include\imgui-docking\imstb_rectpack.h">
      <Filter>External\imgui-docking</Filter>
    </ClInclude>
    <ClInclude Include="..\External\include\imgui-docking\imstb_textedit.h">
      <Filter>External\imgui-docking</Filter>
    </ClInclude>
    <ClInclude Include="..\External\include\imgui-docking\imstb_truetype.h">
      <Filter>External\imgui-docking</Filter>
    </ClInclude>
    <ClInclude Include="AssetImporter.h">
      <Filter>Src</Filter>
    </ClInclude>
  </ItemGroup>
</Project>