<?xml version="1.0" encoding="utf-8"?>
<Project ToolsVersion="4.0" xmlns="http://schemas.microsoft.com/developer/msbuild/2003">
  <ItemGroup>
    <Filter Include="Src">
      <UniqueIdentifier>{115390ca-6198-4fc9-ac8c-28455c4e801b}</UniqueIdentifier>
    </Filter>
  </ItemGroup>
  <ItemGroup>
    <ClCompile Include="Src\main.cpp">
      <Filter>Src</Filter>
    </ClCompile>
    <ClCompile Include="Src\Animation.cpp">
      <Filter>Src</Filter>
    </ClCompile>
    <ClCompile Include="Src\Bone.cpp">
      <Filter>Src</Filter>
    </ClCompile>
    <ClCompile Include="Src\Model.cpp">
      <Filter>Src</Filter>
    </ClCompile>
    <ClCompile Include="Src\Mesh.cpp">
      <Filter>Src</Filter>
    </ClCompile>
    <ClCompile Include="Src\Animator.cpp">
      <Filter>Src</Filter>
    </ClCompile>
  </ItemGroup>
  <ItemGroup>
    <ClInclude Include="Src\Animation.h">
      <Filter>Src</Filter>
    </ClInclude>
    <ClInclude Include="Src\AssimpHelpers.h">
      <Filter>Src</Filter>
    </ClInclude>
    <ClInclude Include="Src\Bone.h">
      <Filter>Src</Filter>
    </ClInclude>
    <ClInclude Include="Src\Model.h">
      <Filter>Src</Filter>
    </ClInclude>
    <ClInclude Include="Src\Mesh.h">
      <Filter>Src</Filter>
    </ClInclude>
    <ClInclude Include="Src\Animator.h">
      <Filter>Src</Filter>
    </ClInclude>
  </ItemGroup>
</Project>