<?xml version="1.0" encoding="utf-8"?>
<Project ToolsVersion="4.0" xmlns="http://schemas.microsoft.com/developer/msbuild/2003">
  <ItemGroup>
    <ClInclude Include="Log.h">
      <Filter>Engine\Tools</Filter>
    </ClInclude>
    <ClInclude Include="Profiler.h">
      <Filter>Engine\Tools</Filter>
    </ClInclude>
    <ClInclude Include="Renderer.h">
      <Filter>Engine\Graphics</Filter>
    </ClInclude>
    <ClInclude Include="Scene.h">
      <Filter>Engine\Scene</Filter>
    </ClInclude>
    <ClInclude Include="CommonInclude.h">
      <Filter>Engine\Core</Filter>
    </ClInclude>
    <ClInclude Include="DiveEngine.h">
      <Filter>Engine\Core</Filter>
    </ClInclude>
    <ClInclude Include="Object.h">
      <Filter>Engine\Core</Filter>
    </ClInclude>
    <ClInclude Include="RenderPath.h">
      <Filter>Engine\Core</Filter>
    </ClInclude>
    <ClInclude Include="RenderPath3D.h">
      <Filter>Engine\Core</Filter>
    </ClInclude>
    <ClInclude Include="Runtime.h">
      <Filter>Engine\Core</Filter>
    </ClInclude>
    <ClInclude Include="ThreadPool.h">
      <Filter>Engine\Core</Filter>
    </ClInclude>
    <ClInclude Include="Timer.h">
      <Filter>Engine\Core</Filter>
    </ClInclude>
    <ClInclude Include="GameObject.h">
      <Filter>Engine\Scene</Filter>
    </ClInclude>
    <ClInclude Include="Component.h">
      <Filter>Engine\Scene\Components</Filter>
    </ClInclude>
    <ClInclude Include="Transform.h">
      <Filter>Engine\Scene\Components</Filter>
    </ClInclude>
    <ClInclude Include="Camera.h">
      <Filter>Engine\Scene\Components</Filter>
    </ClInclude>
    <ClInclude Include="GraphicsEnums.h">
      <Filter>Engine\Graphics</Filter>
    </ClInclude>
    <ClInclude Include="GraphicsDevice.h">
      <Filter>Engine\Graphics</Filter>
    </ClInclude>
    <ClInclude Include="Mesh.h">
      <Filter>Engine\Graphics</Filter>
    </ClInclude>
    <ClInclude Include="VertexTypes.h">
      <Filter>Engine\Graphics</Filter>
    </ClInclude>
    <ClInclude Include="GraphicsInclude.h">
      <Filter>Engine\Graphics</Filter>
    </ClInclude>
    <ClInclude Include="PipelineState.h">
      <Filter>Engine\Graphics</Filter>
    </ClInclude>
    <ClInclude Include="Texture.h">
      <Filter>Engine\Graphics</Filter>
    </ClInclude>
    <ClInclude Include="Input.h">
      <Filter>Engine\Input</Filter>
    </ClInclude>
    <ClInclude Include="FontImporter.h">
      <Filter>Engine\Tools</Filter>
    </ClInclude>
    <ClInclude Include="TextMesh.h">
      <Filter>Engine\Scene\Components</Filter>
    </ClInclude>
    <ClInclude Include="Font.h">
      <Filter>Engine\Graphics</Filter>
    </ClInclude>
    <ClInclude Include="IniHelper.h">
      <Filter>Engine\Tools</Filter>
    </ClInclude>
    <ClInclude Include="FileStream.h">
      <Filter>Engine\Tools</Filter>
    </ClInclude>
    <ClInclude Include="FileSystemHelper.h">
      <Filter>Engine\Tools</Filter>
    </ClInclude>
    <ClInclude Include="FormatHelper.h">
      <Filter>Engine\Tools</Filter>
    </ClInclude>
    <ClInclude Include="StringHelper.h">
      <Filter>Engine\Tools</Filter>
    </ClInclude>
    <ClInclude Include="Resource.h">
      <Filter>Engine\Resource</Filter>
    </ClInclude>
    <ClInclude Include="Model.h">
      <Filter>Engine\Graphics</Filter>
    </ClInclude>
    <ClInclude Include="dvMesh.h">
      <Filter>Engine\Graphics</Filter>
    </ClInclude>
    <ClInclude Include="MeshRenderer.h">
      <Filter>Engine\Scene\Components</Filter>
    </ClInclude>
    <ClInclude Include="AssetManager.h">
      <Filter>Engine\Resource</Filter>
    </ClInclude>
    <ClInclude Include="External\spdlog\async.h">
      <Filter>External\spdlog</Filter>
    </ClInclude>
    <ClInclude Include="External\spdlog\async_logger.h">
      <Filter>External\spdlog</Filter>
    </ClInclude>
    <ClInclude Include="External\spdlog\async_logger-inl.h">
      <Filter>External\spdlog</Filter>
    </ClInclude>
    <ClInclude Include="External\spdlog\common.h">
      <Filter>External\spdlog</Filter>
    </ClInclude>
    <ClInclude Include="External\spdlog\common-inl.h">
      <Filter>External\spdlog</Filter>
    </ClInclude>
    <ClInclude Include="External\spdlog\formatter.h">
      <Filter>External\spdlog</Filter>
    </ClInclude>
    <ClInclude Include="External\spdlog\fwd.h">
      <Filter>External\spdlog</Filter>
    </ClInclude>
    <ClInclude Include="External\spdlog\logger.h">
      <Filter>External\spdlog</Filter>
    </ClInclude>
    <ClInclude Include="External\spdlog\logger-inl.h">
      <Filter>External\spdlog</Filter>
    </ClInclude>
    <ClInclude Include="External\spdlog\pattern_formatter.h">
      <Filter>External\spdlog</Filter>
    </ClInclude>
    <ClInclude Include="External\spdlog\pattern_formatter-inl.h">
      <Filter>External\spdlog</Filter>
    </ClInclude>
    <ClInclude Include="External\spdlog\spdlog.h">
      <Filter>External\spdlog</Filter>
    </ClInclude>
    <ClInclude Include="External\spdlog\spdlog-inl.h">
      <Filter>External\spdlog</Filter>
    </ClInclude>
    <ClInclude Include="External\spdlog\stopwatch.h">
      <Filter>External\spdlog</Filter>
    </ClInclude>
    <ClInclude Include="External\spdlog\tweakme.h">
      <Filter>External\spdlog</Filter>
    </ClInclude>
    <ClInclude Include="External\spdlog\version.h">
      <Filter>External\spdlog</Filter>
    </ClInclude>
    <ClInclude Include="External\spdlog\cfg\argv.h">
      <Filter>External\spdlog\cfg</Filter>
    </ClInclude>
    <ClInclude Include="External\spdlog\cfg\env.h">
      <Filter>External\spdlog\cfg</Filter>
    </ClInclude>
    <ClInclude Include="External\spdlog\cfg\helpers.h">
      <Filter>External\spdlog\cfg</Filter>
    </ClInclude>
    <ClInclude Include="External\spdlog\cfg\helpers-inl.h">
      <Filter>External\spdlog\cfg</Filter>
    </ClInclude>
    <ClInclude Include="External\spdlog\cfg\log_levels.h">
      <Filter>External\spdlog\cfg</Filter>
    </ClInclude>
    <ClInclude Include="External\spdlog\details\backtracer.h">
      <Filter>External\spdlog\details</Filter>
    </ClInclude>
    <ClInclude Include="External\spdlog\details\backtracer-inl.h">
      <Filter>External\spdlog\details</Filter>
    </ClInclude>
    <ClInclude Include="External\spdlog\details\circular_q.h">
      <Filter>External\spdlog\details</Filter>
    </ClInclude>
    <ClInclude Include="External\spdlog\details\console_globals.h">
      <Filter>External\spdlog\details</Filter>
    </ClInclude>
    <ClInclude Include="External\spdlog\details\file_helper.h">
      <Filter>External\spdlog\details</Filter>
    </ClInclude>
    <ClInclude Include="External\spdlog\details\file_helper-inl.h">
      <Filter>External\spdlog\details</Filter>
    </ClInclude>
    <ClInclude Include="External\spdlog\details\fmt_helper.h">
      <Filter>External\spdlog\details</Filter>
    </ClInclude>
    <ClInclude Include="External\spdlog\details\log_msg.h">
      <Filter>External\spdlog\details</Filter>
    </ClInclude>
    <ClInclude Include="External\spdlog\details\log_msg_buffer.h">
      <Filter>External\spdlog\details</Filter>
    </ClInclude>
    <ClInclude Include="External\spdlog\details\log_msg_buffer-inl.h">
      <Filter>External\spdlog\details</Filter>
    </ClInclude>
    <ClInclude Include="External\spdlog\details\log_msg-inl.h">
      <Filter>External\spdlog\details</Filter>
    </ClInclude>
    <ClInclude Include="External\spdlog\details\mpmc_blocking_q.h">
      <Filter>External\spdlog\details</Filter>
    </ClInclude>
    <ClInclude Include="External\spdlog\details\null_mutex.h">
      <Filter>External\spdlog\details</Filter>
    </ClInclude>
    <ClInclude Include="External\spdlog\details\os.h">
      <Filter>External\spdlog\details</Filter>
    </ClInclude>
    <ClInclude Include="External\spdlog\details\os-inl.h">
      <Filter>External\spdlog\details</Filter>
    </ClInclude>
    <ClInclude Include="External\spdlog\details\periodic_worker.h">
      <Filter>External\spdlog\details</Filter>
    </ClInclude>
    <ClInclude Include="External\spdlog\details\periodic_worker-inl.h">
      <Filter>External\spdlog\details</Filter>
    </ClInclude>
    <ClInclude Include="External\spdlog\details\registry.h">
      <Filter>External\spdlog\details</Filter>
    </ClInclude>
    <ClInclude Include="External\spdlog\details\registry-inl.h">
      <Filter>External\spdlog\details</Filter>
    </ClInclude>
    <ClInclude Include="External\spdlog\details\synchronous_factory.h">
      <Filter>External\spdlog\details</Filter>
    </ClInclude>
    <ClInclude Include="External\spdlog\details\tcp_client.h">
      <Filter>External\spdlog\details</Filter>
    </ClInclude>
    <ClInclude Include="External\spdlog\details\tcp_client-windows.h">
      <Filter>External\spdlog\details</Filter>
    </ClInclude>
    <ClInclude Include="External\spdlog\details\thread_pool.h">
      <Filter>External\spdlog\details</Filter>
    </ClInclude>
    <ClInclude Include="External\spdlog\details\thread_pool-inl.h">
      <Filter>External\spdlog\details</Filter>
    </ClInclude>
    <ClInclude Include="External\spdlog\details\windows_include.h">
      <Filter>External\spdlog\details</Filter>
    </ClInclude>
    <ClInclude Include="External\spdlog\fmt\bin_to_hex.h">
      <Filter>External\spdlog\fmt</Filter>
    </ClInclude>
    <ClInclude Include="External\spdlog\fmt\chrono.h">
      <Filter>External\spdlog\fmt</Filter>
    </ClInclude>
    <ClInclude Include="External\spdlog\fmt\fmt.h">
      <Filter>External\spdlog\fmt</Filter>
    </ClInclude>
    <ClInclude Include="External\spdlog\fmt\ostr.h">
      <Filter>External\spdlog\fmt</Filter>
    </ClInclude>
    <ClInclude Include="External\spdlog\fmt\bundled\chrono.h">
      <Filter>External\spdlog\fmt\bundled</Filter>
    </ClInclude>
    <ClInclude Include="External\spdlog\fmt\bundled\color.h">
      <Filter>External\spdlog\fmt\bundled</Filter>
    </ClInclude>
    <ClInclude Include="External\spdlog\fmt\bundled\compile.h">
      <Filter>External\spdlog\fmt\bundled</Filter>
    </ClInclude>
    <ClInclude Include="External\spdlog\fmt\bundled\core.h">
      <Filter>External\spdlog\fmt\bundled</Filter>
    </ClInclude>
    <ClInclude Include="External\spdlog\fmt\bundled\format.h">
      <Filter>External\spdlog\fmt\bundled</Filter>
    </ClInclude>
    <ClInclude Include="External\spdlog\fmt\bundled\format-inl.h">
      <Filter>External\spdlog\fmt\bundled</Filter>
    </ClInclude>
    <ClInclude Include="External\spdlog\fmt\bundled\locale.h">
      <Filter>External\spdlog\fmt\bundled</Filter>
    </ClInclude>
    <ClInclude Include="External\spdlog\fmt\bundled\os.h">
      <Filter>External\spdlog\fmt\bundled</Filter>
    </ClInclude>
    <ClInclude Include="External\spdlog\fmt\bundled\ostream.h">
      <Filter>External\spdlog\fmt\bundled</Filter>
    </ClInclude>
    <ClInclude Include="External\spdlog\fmt\bundled\posix.h">
      <Filter>External\spdlog\fmt\bundled</Filter>
    </ClInclude>
    <ClInclude Include="External\spdlog\fmt\bundled\printf.h">
      <Filter>External\spdlog\fmt\bundled</Filter>
    </ClInclude>
    <ClInclude Include="External\spdlog\fmt\bundled\ranges.h">
      <Filter>External\spdlog\fmt\bundled</Filter>
    </ClInclude>
    <ClInclude Include="External\spdlog\sinks\android_sink.h">
      <Filter>External\spdlog\sinks</Filter>
    </ClInclude>
    <ClInclude Include="External\spdlog\sinks\ansicolor_sink.h">
      <Filter>External\spdlog\sinks</Filter>
    </ClInclude>
    <ClInclude Include="External\spdlog\sinks\ansicolor_sink-inl.h">
      <Filter>External\spdlog\sinks</Filter>
    </ClInclude>
    <ClInclude Include="External\spdlog\sinks\base_sink.h">
      <Filter>External\spdlog\sinks</Filter>
    </ClInclude>
    <ClInclude Include="External\spdlog\sinks\base_sink-inl.h">
      <Filter>External\spdlog\sinks</Filter>
    </ClInclude>
    <ClInclude Include="External\spdlog\sinks\basic_file_sink.h">
      <Filter>External\spdlog\sinks</Filter>
    </ClInclude>
    <ClInclude Include="External\spdlog\sinks\basic_file_sink-inl.h">
      <Filter>External\spdlog\sinks</Filter>
    </ClInclude>
    <ClInclude Include="External\spdlog\sinks\daily_file_sink.h">
      <Filter>External\spdlog\sinks</Filter>
    </ClInclude>
    <ClInclude Include="External\spdlog\sinks\dist_sink.h">
      <Filter>External\spdlog\sinks</Filter>
    </ClInclude>
    <ClInclude Include="External\spdlog\sinks\dup_filter_sink.h">
      <Filter>External\spdlog\sinks</Filter>
    </ClInclude>
    <ClInclude Include="External\spdlog\sinks\msvc_sink.h">
      <Filter>External\spdlog\sinks</Filter>
    </ClInclude>
    <ClInclude Include="External\spdlog\sinks\null_sink.h">
      <Filter>External\spdlog\sinks</Filter>
    </ClInclude>
    <ClInclude Include="External\spdlog\sinks\ostream_sink.h">
      <Filter>External\spdlog\sinks</Filter>
    </ClInclude>
    <ClInclude Include="External\spdlog\sinks\ringbuffer_sink.h">
      <Filter>External\spdlog\sinks</Filter>
    </ClInclude>
    <ClInclude Include="External\spdlog\sinks\rotating_file_sink.h">
      <Filter>External\spdlog\sinks</Filter>
    </ClInclude>
    <ClInclude Include="External\spdlog\sinks\rotating_file_sink-inl.h">
      <Filter>External\spdlog\sinks</Filter>
    </ClInclude>
    <ClInclude Include="External\spdlog\sinks\sink.h">
      <Filter>External\spdlog\sinks</Filter>
    </ClInclude>
    <ClInclude Include="External\spdlog\sinks\sink-inl.h">
      <Filter>External\spdlog\sinks</Filter>
    </ClInclude>
    <ClInclude Include="External\spdlog\sinks\stdout_color_sinks.h">
      <Filter>External\spdlog\sinks</Filter>
    </ClInclude>
    <ClInclude Include="External\spdlog\sinks\stdout_color_sinks-inl.h">
      <Filter>External\spdlog\sinks</Filter>
    </ClInclude>
    <ClInclude Include="External\spdlog\sinks\stdout_sinks.h">
      <Filter>External\spdlog\sinks</Filter>
    </ClInclude>
    <ClInclude Include="External\spdlog\sinks\stdout_sinks-inl.h">
      <Filter>External\spdlog\sinks</Filter>
    </ClInclude>
    <ClInclude Include="External\spdlog\sinks\syslog_sink.h">
      <Filter>External\spdlog\sinks</Filter>
    </ClInclude>
    <ClInclude Include="External\spdlog\sinks\systemd_sink.h">
      <Filter>External\spdlog\sinks</Filter>
    </ClInclude>
    <ClInclude Include="External\spdlog\sinks\tcp_sink.h">
      <Filter>External\spdlog\sinks</Filter>
    </ClInclude>
    <ClInclude Include="External\spdlog\sinks\win_eventlog_sink.h">
      <Filter>External\spdlog\sinks</Filter>
    </ClInclude>
    <ClInclude Include="External\spdlog\sinks\wincolor_sink.h">
      <Filter>External\spdlog\sinks</Filter>
    </ClInclude>
    <ClInclude Include="External\spdlog\sinks\wincolor_sink-inl.h">
      <Filter>External\spdlog\sinks</Filter>
    </ClInclude>
    <ClInclude Include="Settings.h">
      <Filter>Engine\Core</Filter>
    </ClInclude>
    <ClInclude Include="Event.h">
      <Filter>Engine\Core</Filter>
    </ClInclude>
    <ClInclude Include="Light.h">
      <Filter>Engine\Scene\Components</Filter>
    </ClInclude>
  </ItemGroup>
  <ItemGroup>
    <ClCompile Include="Log.cpp">
      <Filter>Engine\Tools</Filter>
    </ClCompile>
    <ClCompile Include="Profiler.cpp">
      <Filter>Engine\Tools</Filter>
    </ClCompile>
    <ClCompile Include="Renderer.cpp">
      <Filter>Engine\Graphics</Filter>
    </ClCompile>
    <ClCompile Include="RenderPath3D.cpp">
      <Filter>Engine\Core</Filter>
    </ClCompile>
    <ClCompile Include="Runtime.cpp">
      <Filter>Engine\Core</Filter>
    </ClCompile>
    <ClCompile Include="ThreadPool.cpp">
      <Filter>Engine\Core</Filter>
    </ClCompile>
    <ClCompile Include="Timer.cpp">
      <Filter>Engine\Core</Filter>
    </ClCompile>
    <ClCompile Include="Scene.cpp">
      <Filter>Engine\Scene</Filter>
    </ClCompile>
    <ClCompile Include="GameObject.cpp">
      <Filter>Engine\Scene</Filter>
    </ClCompile>
    <ClCompile Include="Transform.cpp">
      <Filter>Engine\Scene\Components</Filter>
    </ClCompile>
    <ClCompile Include="GraphicsDevice.cpp">
      <Filter>Engine\Graphics</Filter>
    </ClCompile>
    <ClCompile Include="Camera.cpp">
      <Filter>Engine\Scene\Components</Filter>
    </ClCompile>
    <ClCompile Include="Mesh.cpp">
      <Filter>Engine\Graphics</Filter>
    </ClCompile>
    <ClCompile Include="Renderer_Resources.cpp">
      <Filter>Engine\Graphics</Filter>
    </ClCompile>
    <ClCompile Include="Texture.cpp">
      <Filter>Engine\Graphics</Filter>
    </ClCompile>
    <ClCompile Include="Input.cpp">
      <Filter>Engine\Input</Filter>
    </ClCompile>
    <ClCompile Include="FontImporter.cpp">
      <Filter>Engine\Tools</Filter>
    </ClCompile>
    <ClCompile Include="TextMesh.cpp">
      <Filter>Engine\Scene\Components</Filter>
    </ClCompile>
    <ClCompile Include="Font.cpp">
      <Filter>Engine\Graphics</Filter>
    </ClCompile>
    <ClCompile Include="IniHelper.cpp">
      <Filter>Engine\Tools</Filter>
    </ClCompile>
    <ClCompile Include="FileStream.cpp">
      <Filter>Engine\Tools</Filter>
    </ClCompile>
    <ClCompile Include="FileSystemHelper.cpp">
      <Filter>Engine\Tools</Filter>
    </ClCompile>
    <ClCompile Include="FormatHelper.cpp">
      <Filter>Engine\Tools</Filter>
    </ClCompile>
    <ClCompile Include="StringHelper.cpp">
      <Filter>Engine\Tools</Filter>
    </ClCompile>
    <ClCompile Include="Model.cpp">
      <Filter>Engine\Graphics</Filter>
    </ClCompile>
    <ClCompile Include="MeshRenderer.cpp">
      <Filter>Engine\Scene\Components</Filter>
    </ClCompile>
    <ClCompile Include="AssetManager.cpp">
      <Filter>Engine\Resource</Filter>
    </ClCompile>
    <ClCompile Include="Settings.cpp">
      <Filter>Engine\Core</Filter>
    </ClCompile>
    <ClCompile Include="Light.cpp">
      <Filter>Engine\Scene\Components</Filter>
    </ClCompile>
  </ItemGroup>
  <ItemGroup>
    <Filter Include="Engine">
      <UniqueIdentifier>{c7d05b3b-5ca0-4b66-8f7c-5dbfba591b66}</UniqueIdentifier>
    </Filter>
    <Filter Include="Engine\Tools">
      <UniqueIdentifier>{77d99d9b-f82f-4acb-bd38-680e775d8fdd}</UniqueIdentifier>
    </Filter>
    <Filter Include="Engine\Graphics">
      <UniqueIdentifier>{1326af25-081c-4cf4-b939-d927b9d45a14}</UniqueIdentifier>
    </Filter>
    <Filter Include="Engine\Scene">
      <UniqueIdentifier>{c1aa4b85-851d-45df-abea-6fec5b35b458}</UniqueIdentifier>
    </Filter>
    <Filter Include="Engine\Core">
      <UniqueIdentifier>{935efe1f-4709-4022-9b1b-d67f83dc83a0}</UniqueIdentifier>
    </Filter>
    <Filter Include="Engine\Scene\Components">
      <UniqueIdentifier>{7bc942ed-9c43-48b4-ad1c-95c51f40ebc0}</UniqueIdentifier>
    </Filter>
    <Filter Include="Engine\Input">
      <UniqueIdentifier>{7d6380e9-9fcb-4788-b719-d270596b1123}</UniqueIdentifier>
    </Filter>
    <Filter Include="Engine\Resource">
      <UniqueIdentifier>{a52c840e-1afd-4594-981d-8351db2f048e}</UniqueIdentifier>
    </Filter>
    <Filter Include="External">
      <UniqueIdentifier>{b8cdb25b-3036-44e0-baa2-bd91ede243cb}</UniqueIdentifier>
    </Filter>
    <Filter Include="External\spdlog">
      <UniqueIdentifier>{5476f687-3631-44da-93d9-220129d16ceb}</UniqueIdentifier>
    </Filter>
    <Filter Include="External\spdlog\cfg">
      <UniqueIdentifier>{deadc439-3f5a-4711-b401-35b55fe0d9db}</UniqueIdentifier>
    </Filter>
    <Filter Include="External\spdlog\details">
      <UniqueIdentifier>{a9e81508-6f33-42c3-a07f-d2473199005d}</UniqueIdentifier>
    </Filter>
    <Filter Include="External\spdlog\fmt">
      <UniqueIdentifier>{b16c6d7d-96ed-4454-ac4c-87f933c907c9}</UniqueIdentifier>
    </Filter>
    <Filter Include="External\spdlog\sinks">
      <UniqueIdentifier>{8f351aa9-dabd-41dc-93ec-9c102ad84734}</UniqueIdentifier>
    </Filter>
    <Filter Include="External\spdlog\fmt\bundled">
      <UniqueIdentifier>{561cef61-527b-4925-89c6-a7bcdf59ace5}</UniqueIdentifier>
    </Filter>
  </ItemGroup>
</Project>